
Microsoft Visual Studio Solution File, Format Version 12.00
# Visual Studio 2013
VisualStudioVersion = 12.0.21005.1
MinimumVisualStudioVersion = 10.0.40219.1
Project("{FAE04EC0-301F-11D3-BF4B-00C04F79EFBC}") = "TelerikLogo", "TelerikLogo\TelerikLogo.csproj", "{38C8EB3C-948B-4D7B-89D2-8C052B537CF4}"
EndProject
Project("{FAE04EC0-301F-11D3-BF4B-00C04F79EFBC}") = "SpiralArray", "SpiralArray\SpiralArray.csproj", "{089EEF46-271E-449A-A208-177C2AF89380}"
EndProject
Project("{FAE04EC0-301F-11D3-BF4B-00C04F79EFBC}") = "CardWars", "CardWars\CardWars.csproj", "{D99FB2C0-5B8A-43E3-B162-798752F304A2}"
EndProject
Project("{FAE04EC0-301F-11D3-BF4B-00C04F79EFBC}") = "Fire", "Fire\Fire.csproj", "{073A35DF-97C0-4A92-BD1F-F6574E5DC1EE}"
EndProject
Project("{FAE04EC0-301F-11D3-BF4B-00C04F79EFBC}") = "BullAndCows", "BullAndCows\BullAndCows.csproj", "{9D638576-C9AD-42A4-87FE-0124D6AF86F3}"
EndProject
Project("{FAE04EC0-301F-11D3-BF4B-00C04F79EFBC}") = "NeuronMapping", "NeuronMapping\NeuronMapping.csproj", "{79790493-3EDD-4D35-8FB1-3D4BBD4699AB}"
EndProject
Project("{FAE04EC0-301F-11D3-BF4B-00C04F79EFBC}") = "CoffeeMachine", "CoffeeMachine\CoffeeMachine.csproj", "{48BFB9CE-4891-499D-8D84-D2F41FF824B9}"
EndProject
Project("{FAE04EC0-301F-11D3-BF4B-00C04F79EFBC}") = "DrunkenNumbers", "DrunkenNumbers\DrunkenNumbers.csproj", "{10FA8CCE-442A-4FB0-A999-0402CBF67198}"
EndProject
Project("{FAE04EC0-301F-11D3-BF4B-00C04F79EFBC}") = "FallDown", "FallDown\FallDown.csproj", "{3F040239-1E5D-425A-A11E-01A3065D9B6D}"
EndProject
Project("{FAE04EC0-301F-11D3-BF4B-00C04F79EFBC}") = "FallDownVer2-ArrayNBitwise", "FallDownVer2-ArrayNBitwise\FallDownVer2-ArrayNBitwise.csproj", "{B9746861-A99C-4CE9-B5FC-C978BA7325BB}"
EndProject
Project("{FAE04EC0-301F-11D3-BF4B-00C04F79EFBC}") = "FallDownVer3-ArrayOnly", "FallDownVer3-ArrayOnly\FallDownVer3-ArrayOnly.csproj", "{3199A3A6-2B8B-4F1C-82DD-AA4D6427C2D1}"
EndProject
Project("{FAE04EC0-301F-11D3-BF4B-00C04F79EFBC}") = "Carpets", "Carpets\Carpets.csproj", "{FEDCB96B-3889-4AF8-925F-C8E7655CA0ED}"
EndProject
Project("{FAE04EC0-301F-11D3-BF4B-00C04F79EFBC}") = "AngryBits", "AngryBits\AngryBits.csproj", "{9127199E-DE75-4AA4-87D7-2135600C2D10}"
EndProject
Project("{FAE04EC0-301F-11D3-BF4B-00C04F79EFBC}") = "Tribonacci", "Tribonacci\Tribonacci.csproj", "{E704F5D0-05D2-47FC-8623-4B4EA6A0D7F7}"
EndProject
Project("{FAE04EC0-301F-11D3-BF4B-00C04F79EFBC}") = "QuadronacciRectangle", "Quadronacci\QuadronacciRectangle.csproj", "{1C74A2C4-61E5-48C2-A9FA-EBAF06878764}"
EndProject
Project("{FAE04EC0-301F-11D3-BF4B-00C04F79EFBC}") = "PeaceOfCake", "PeaceOfCake\PeaceOfCake.csproj", "{0B837D81-5617-4E35-9266-18897146E34E}"
EndProject
Project("{FAE04EC0-301F-11D3-BF4B-00C04F79EFBC}") = "ShipDamage", "ShipDamage\ShipDamage.csproj", "{6D714AC2-8AE9-4545-AF4C-F6CFFB0ADC97}"
EndProject
Project("{FAE04EC0-301F-11D3-BF4B-00C04F79EFBC}") = "FighterAttack", "FighterAttack\FighterAttack.csproj", "{B9D06270-DC43-4FDA-B709-014BDCEBBBA9}"
EndProject
Project("{FAE04EC0-301F-11D3-BF4B-00C04F79EFBC}") = "AngryFemaleGPS", "AngryFemaleGPS\AngryFemaleGPS.csproj", "{5F5AE7D2-1DFC-4A62-9A2B-2F9727241897}"
EndProject
Project("{FAE04EC0-301F-11D3-BF4B-00C04F79EFBC}") = "OnesAndZeros", "OnesAndZeros\OnesAndZeros.csproj", "{B3717358-15C8-40F9-A905-D4BF6656B559}"
EndProject
Project("{FAE04EC0-301F-11D3-BF4B-00C04F79EFBC}") = "Eggcelent", "Eggcelent\Eggcelent.csproj", "{63915092-E446-470C-B105-12E439182AA5}"
EndProject
Project("{FAE04EC0-301F-11D3-BF4B-00C04F79EFBC}") = "2-4-8", "2-4-8\2-4-8.csproj", "{8CFECF2A-E4F6-4BF3-A43B-1E9B99BF2A62}"
EndProject
Project("{FAE04EC0-301F-11D3-BF4B-00C04F79EFBC}") = "NightmareOnCodestreet", "NightmareOnCodestreet\NightmareOnCodestreet.csproj", "{DD804134-C9BA-4B5F-83C1-CAB4C1E747D0}"
EndProject
Project("{FAE04EC0-301F-11D3-BF4B-00C04F79EFBC}") = "Enigmanation", "Enigmanation\Enigmanation.csproj", "{7DC003DC-74D8-4A82-85B7-2D9A16FD1BAD}"
EndProject
Project("{FAE04EC0-301F-11D3-BF4B-00C04F79EFBC}") = "KaspichaniaBoats", "KaspichaniaBoats\KaspichaniaBoats.csproj", "{8C93C92B-2F82-4F66-8B3C-915CB808EEEE}"
EndProject
Project("{FAE04EC0-301F-11D3-BF4B-00C04F79EFBC}") = "GameOfPage", "GameOfPage\GameOfPage.csproj", "{00F8AC81-0292-47D7-AFD0-7A9F799F2CC7}"
EndProject
Project("{FAE04EC0-301F-11D3-BF4B-00C04F79EFBC}") = "DiamondTrolls", "DiamondTrolls\DiamondTrolls.csproj", "{10B1DC9C-8709-4D1E-8C0B-041202405B8E}"
EndProject
Project("{FAE04EC0-301F-11D3-BF4B-00C04F79EFBC}") = "NextDate", "NextDate\NextDate.csproj", "{730D7D01-B9ED-4837-868E-BA709AE84553}"
EndProject
Project("{FAE04EC0-301F-11D3-BF4B-00C04F79EFBC}") = "TribonacciTriangle", "TribonacciTriangle\TribonacciTriangle.csproj", "{714F927B-3BA8-4EB9-8864-D053BC80C923}"
EndProject
Project("{FAE04EC0-301F-11D3-BF4B-00C04F79EFBC}") = "Sheets", "Sheets\Sheets.csproj", "{03447B3C-F876-4A1D-BFBC-6875839C5540}"
EndProject
Project("{FAE04EC0-301F-11D3-BF4B-00C04F79EFBC}") = "FormulaBit1", "FormulaBit1\FormulaBit1.csproj", "{682C6EDA-38E1-4D23-88CC-F4BC075C8EA5}"
EndProject
Project("{FAE04EC0-301F-11D3-BF4B-00C04F79EFBC}") = "Garden", "Garden\Garden.csproj", "{67A99E77-4447-4967-BFFE-E3A1FFBEFB24}"
EndProject
Project("{FAE04EC0-301F-11D3-BF4B-00C04F79EFBC}") = "Secrets", "Secrets\Secrets.csproj", "{A45036B5-0554-45A4-904B-8BFAF56D13C7}"
EndProject
Project("{FAE04EC0-301F-11D3-BF4B-00C04F79EFBC}") = "BatGoikosTower", "BatGoikosTower\BatGoikosTower.csproj", "{2C430E41-AA69-4E2C-8F2E-0F9F507D9323}"
EndProject
Project("{FAE04EC0-301F-11D3-BF4B-00C04F79EFBC}") = "Bittris", "Bittris\Bittris.csproj", "{ACB07137-3D1A-4315-AF1C-A96B80B0F0D8}"
EndProject
Project("{FAE04EC0-301F-11D3-BF4B-00C04F79EFBC}") = "Pillars", "Pillars\Pillars.csproj", "{A542F2A4-0D1C-42A3-AADC-3E5CABFE8BEB}"
EndProject
Project("{FAE04EC0-301F-11D3-BF4B-00C04F79EFBC}") = "FirTree", "FirTree\FirTree.csproj", "{392F3073-B790-478D-BEEE-DBF3B4DAC88A}"
EndProject
Project("{FAE04EC0-301F-11D3-BF4B-00C04F79EFBC}") = "WeAllLoveBits", "WeAllLoveBits\WeAllLoveBits.csproj", "{4E9B2F65-228B-42C3-B1E4-4CD99AD625C1}"
EndProject
Project("{FAE04EC0-301F-11D3-BF4B-00C04F79EFBC}") = "NaBabaMiSmetalnika", "NaBabaMiSmetalnika\NaBabaMiSmetalnika.csproj", "{8619183B-1AF7-4E0D-8F43-632F748686F9}"
EndProject
Project("{FAE04EC0-301F-11D3-BF4B-00C04F79EFBC}") = "MathExpression", "MathExpression\MathExpression.csproj", "{ED7743B9-8594-4165-9E96-4EC9F67250F3}"
EndProject
Project("{FAE04EC0-301F-11D3-BF4B-00C04F79EFBC}") = "SevenlandNumbers", "SevenlandNumbers\SevenlandNumbers.csproj", "{36D09B57-6CD0-4E3E-A7B4-C110BC8846AD}"
EndProject
Project("{FAE04EC0-301F-11D3-BF4B-00C04F79EFBC}") = "Anacci", "Anacci\Anacci.csproj", "{88F9F812-44A4-42C1-A2C0-791A19EFE466}"
EndProject
Project("{FAE04EC0-301F-11D3-BF4B-00C04F79EFBC}") = "ExcelColumns", "ExcelColumns\ExcelColumns.csproj", "{15FCAD73-FB73-49B1-A81E-FF8566AB26E1}"
EndProject
Project("{FAE04EC0-301F-11D3-BF4B-00C04F79EFBC}") = "TelerikLogoSelfMade", "TelerikLogoSelfMade\TelerikLogoSelfMade.csproj", "{0B7AA4B5-E70A-4018-9413-A1102F700C1A}"
EndProject
Project("{FAE04EC0-301F-11D3-BF4B-00C04F79EFBC}") = "BitBall", "BitBall\BitBall.csproj", "{20B2502B-8FC5-43BF-AD3B-F45F777F7817}"
EndProject
Project("{FAE04EC0-301F-11D3-BF4B-00C04F79EFBC}") = "TripleRotationOfDigits", "TripleRotationOfDigits\TripleRotationOfDigits.csproj", "{D8AB209D-69FC-410C-8FFD-7808591CAC54}"
EndProject
Project("{FAE04EC0-301F-11D3-BF4B-00C04F79EFBC}") = "Poker", "Poker\Poker.csproj", "{038B561E-7DBA-4907-AA92-DE45CC771477}"
EndProject
Project("{FAE04EC0-301F-11D3-BF4B-00C04F79EFBC}") = "UKFlag", "UKFlag\UKFlag.csproj", "{7DBD9D5C-B9A1-4E9B-8EA9-1E0F28E3C81B}"
EndProject
Project("{FAE04EC0-301F-11D3-BF4B-00C04F79EFBC}") = "GameOfPageDoncho", "GameOfPageDoncho\GameOfPageDoncho.csproj", "{B6410F61-864A-461D-9294-D5853C6141B2}"
EndProject
Project("{FAE04EC0-301F-11D3-BF4B-00C04F79EFBC}") = "AstrologicalDigits", "AstrologicalDigits\AstrologicalDigits.csproj", "{89E240A0-B99B-4F15-AD51-53C11EA11685}"
EndProject
Project("{FAE04EC0-301F-11D3-BF4B-00C04F79EFBC}") = "SandGlass", "SandGlass\SandGlass.csproj", "{5C14F2F9-72EF-4014-84AD-ED346C05A073}"
EndProject
Project("{FAE04EC0-301F-11D3-BF4B-00C04F79EFBC}") = "DancingBits", "DancingBits\DancingBits.csproj", "{FACE8DC9-50ED-4FC8-97A4-8433DFE685F6}"
EndProject
Project("{FAE04EC0-301F-11D3-BF4B-00C04F79EFBC}") = "Lines", "Lines\Lines.csproj", "{147E0C69-2358-41CF-B037-99B6465B2D53}"
EndProject
Project("{FAE04EC0-301F-11D3-BF4B-00C04F79EFBC}") = "LeastMajorityMultiple", "LeastMajorityMultiple\LeastMajorityMultiple.csproj", "{6E5BC12F-3757-442E-B36A-513D7E6E1003}"
EndProject
Project("{FAE04EC0-301F-11D3-BF4B-00C04F79EFBC}") = "Trapezoid", "Trapezoid\Trapezoid.csproj", "{48459129-E019-4591-B996-0C7D3470CD0B}"
EndProject
Project("{FAE04EC0-301F-11D3-BF4B-00C04F79EFBC}") = "OddNumber", "OddNumber\OddNumber.csproj", "{AE6DBA8F-7CEE-4BAA-ABCB-1206819DA4A8}"
EndProject
Project("{FAE04EC0-301F-11D3-BF4B-00C04F79EFBC}") = "Warhead", "Warhead\Warhead.csproj", "{21187C16-4D30-40C7-8E63-8C0FC67E7941}"
EndProject
Project("{FAE04EC0-301F-11D3-BF4B-00C04F79EFBC}") = "MissCat2011", "MissCat2011\MissCat2011.csproj", "{F36463F7-8468-4E91-B5AC-05AF15861644}"
EndProject
Project("{FAE04EC0-301F-11D3-BF4B-00C04F79EFBC}") = "AmericanPie", "AmericanPie\AmericanPie.csproj", "{A0280CD1-AEE2-4435-8316-1A49DC4D9009}"
EndProject
Project("{FAE04EC0-301F-11D3-BF4B-00C04F79EFBC}") = "ApplesOrOranges", "ApplesOrOranges\ApplesOrOranges.csproj", "{4C648C32-B07E-43A4-A0C5-376AA00739EC}"
EndProject
Project("{FAE04EC0-301F-11D3-BF4B-00C04F79EFBC}") = "BinaryDigits", "BinaryDigits\BinaryDigits.csproj", "{237E0B17-D4DE-4BC7-A9FA-1B8CC1199F7E}"
EndProject
Project("{FAE04EC0-301F-11D3-BF4B-00C04F79EFBC}") = "EasterMister", "EasterMister\EasterMister.csproj", "{D5464406-E81D-4E2A-B005-F4573505BAC5}"
EndProject
Project("{FAE04EC0-301F-11D3-BF4B-00C04F79EFBC}") = "Unknown1", "Unknown1\Unknown1.csproj", "{5D6F563A-3C7A-4247-A7D9-8A7D91CA5231}"
EndProject
Project("{FAE04EC0-301F-11D3-BF4B-00C04F79EFBC}") = "Unknown2", "Unknown2\Unknown2.csproj", "{ACBF5FAA-6E96-484C-8A75-113155AD2BC6}"
EndProject
Project("{FAE04EC0-301F-11D3-BF4B-00C04F79EFBC}") = "Unknown3", "Unknown3\Unknown3.csproj", "{E3431D60-2344-4643-B53E-4120208910EE}"
EndProject
Project("{FAE04EC0-301F-11D3-BF4B-00C04F79EFBC}") = "Unknown4", "Unknown4\Unknown4.csproj", "{6021CC0A-CA45-4220-AC50-50C70716C520}"
EndProject
Global
	GlobalSection(SolutionConfigurationPlatforms) = preSolution
		Debug|Any CPU = Debug|Any CPU
		Release|Any CPU = Release|Any CPU
	EndGlobalSection
	GlobalSection(ProjectConfigurationPlatforms) = postSolution
		{38C8EB3C-948B-4D7B-89D2-8C052B537CF4}.Debug|Any CPU.ActiveCfg = Debug|Any CPU
		{38C8EB3C-948B-4D7B-89D2-8C052B537CF4}.Debug|Any CPU.Build.0 = Debug|Any CPU
		{38C8EB3C-948B-4D7B-89D2-8C052B537CF4}.Release|Any CPU.ActiveCfg = Release|Any CPU
		{38C8EB3C-948B-4D7B-89D2-8C052B537CF4}.Release|Any CPU.Build.0 = Release|Any CPU
		{089EEF46-271E-449A-A208-177C2AF89380}.Debug|Any CPU.ActiveCfg = Debug|Any CPU
		{089EEF46-271E-449A-A208-177C2AF89380}.Debug|Any CPU.Build.0 = Debug|Any CPU
		{089EEF46-271E-449A-A208-177C2AF89380}.Release|Any CPU.ActiveCfg = Release|Any CPU
		{089EEF46-271E-449A-A208-177C2AF89380}.Release|Any CPU.Build.0 = Release|Any CPU
		{D99FB2C0-5B8A-43E3-B162-798752F304A2}.Debug|Any CPU.ActiveCfg = Debug|Any CPU
		{D99FB2C0-5B8A-43E3-B162-798752F304A2}.Debug|Any CPU.Build.0 = Debug|Any CPU
		{D99FB2C0-5B8A-43E3-B162-798752F304A2}.Release|Any CPU.ActiveCfg = Release|Any CPU
		{D99FB2C0-5B8A-43E3-B162-798752F304A2}.Release|Any CPU.Build.0 = Release|Any CPU
		{073A35DF-97C0-4A92-BD1F-F6574E5DC1EE}.Debug|Any CPU.ActiveCfg = Debug|Any CPU
		{073A35DF-97C0-4A92-BD1F-F6574E5DC1EE}.Debug|Any CPU.Build.0 = Debug|Any CPU
		{073A35DF-97C0-4A92-BD1F-F6574E5DC1EE}.Release|Any CPU.ActiveCfg = Release|Any CPU
		{073A35DF-97C0-4A92-BD1F-F6574E5DC1EE}.Release|Any CPU.Build.0 = Release|Any CPU
		{9D638576-C9AD-42A4-87FE-0124D6AF86F3}.Debug|Any CPU.ActiveCfg = Debug|Any CPU
		{9D638576-C9AD-42A4-87FE-0124D6AF86F3}.Debug|Any CPU.Build.0 = Debug|Any CPU
		{9D638576-C9AD-42A4-87FE-0124D6AF86F3}.Release|Any CPU.ActiveCfg = Release|Any CPU
		{9D638576-C9AD-42A4-87FE-0124D6AF86F3}.Release|Any CPU.Build.0 = Release|Any CPU
		{79790493-3EDD-4D35-8FB1-3D4BBD4699AB}.Debug|Any CPU.ActiveCfg = Debug|Any CPU
		{79790493-3EDD-4D35-8FB1-3D4BBD4699AB}.Debug|Any CPU.Build.0 = Debug|Any CPU
		{79790493-3EDD-4D35-8FB1-3D4BBD4699AB}.Release|Any CPU.ActiveCfg = Release|Any CPU
		{79790493-3EDD-4D35-8FB1-3D4BBD4699AB}.Release|Any CPU.Build.0 = Release|Any CPU
		{48BFB9CE-4891-499D-8D84-D2F41FF824B9}.Debug|Any CPU.ActiveCfg = Debug|Any CPU
		{48BFB9CE-4891-499D-8D84-D2F41FF824B9}.Debug|Any CPU.Build.0 = Debug|Any CPU
		{48BFB9CE-4891-499D-8D84-D2F41FF824B9}.Release|Any CPU.ActiveCfg = Release|Any CPU
		{48BFB9CE-4891-499D-8D84-D2F41FF824B9}.Release|Any CPU.Build.0 = Release|Any CPU
		{10FA8CCE-442A-4FB0-A999-0402CBF67198}.Debug|Any CPU.ActiveCfg = Debug|Any CPU
		{10FA8CCE-442A-4FB0-A999-0402CBF67198}.Debug|Any CPU.Build.0 = Debug|Any CPU
		{10FA8CCE-442A-4FB0-A999-0402CBF67198}.Release|Any CPU.ActiveCfg = Release|Any CPU
		{10FA8CCE-442A-4FB0-A999-0402CBF67198}.Release|Any CPU.Build.0 = Release|Any CPU
		{3F040239-1E5D-425A-A11E-01A3065D9B6D}.Debug|Any CPU.ActiveCfg = Debug|Any CPU
		{3F040239-1E5D-425A-A11E-01A3065D9B6D}.Debug|Any CPU.Build.0 = Debug|Any CPU
		{3F040239-1E5D-425A-A11E-01A3065D9B6D}.Release|Any CPU.ActiveCfg = Release|Any CPU
		{3F040239-1E5D-425A-A11E-01A3065D9B6D}.Release|Any CPU.Build.0 = Release|Any CPU
		{B9746861-A99C-4CE9-B5FC-C978BA7325BB}.Debug|Any CPU.ActiveCfg = Debug|Any CPU
		{B9746861-A99C-4CE9-B5FC-C978BA7325BB}.Debug|Any CPU.Build.0 = Debug|Any CPU
		{B9746861-A99C-4CE9-B5FC-C978BA7325BB}.Release|Any CPU.ActiveCfg = Release|Any CPU
		{B9746861-A99C-4CE9-B5FC-C978BA7325BB}.Release|Any CPU.Build.0 = Release|Any CPU
		{3199A3A6-2B8B-4F1C-82DD-AA4D6427C2D1}.Debug|Any CPU.ActiveCfg = Debug|Any CPU
		{3199A3A6-2B8B-4F1C-82DD-AA4D6427C2D1}.Debug|Any CPU.Build.0 = Debug|Any CPU
		{3199A3A6-2B8B-4F1C-82DD-AA4D6427C2D1}.Release|Any CPU.ActiveCfg = Release|Any CPU
		{3199A3A6-2B8B-4F1C-82DD-AA4D6427C2D1}.Release|Any CPU.Build.0 = Release|Any CPU
		{FEDCB96B-3889-4AF8-925F-C8E7655CA0ED}.Debug|Any CPU.ActiveCfg = Debug|Any CPU
		{FEDCB96B-3889-4AF8-925F-C8E7655CA0ED}.Debug|Any CPU.Build.0 = Debug|Any CPU
		{FEDCB96B-3889-4AF8-925F-C8E7655CA0ED}.Release|Any CPU.ActiveCfg = Release|Any CPU
		{FEDCB96B-3889-4AF8-925F-C8E7655CA0ED}.Release|Any CPU.Build.0 = Release|Any CPU
		{9127199E-DE75-4AA4-87D7-2135600C2D10}.Debug|Any CPU.ActiveCfg = Debug|Any CPU
		{9127199E-DE75-4AA4-87D7-2135600C2D10}.Debug|Any CPU.Build.0 = Debug|Any CPU
		{9127199E-DE75-4AA4-87D7-2135600C2D10}.Release|Any CPU.ActiveCfg = Release|Any CPU
		{9127199E-DE75-4AA4-87D7-2135600C2D10}.Release|Any CPU.Build.0 = Release|Any CPU
		{E704F5D0-05D2-47FC-8623-4B4EA6A0D7F7}.Debug|Any CPU.ActiveCfg = Debug|Any CPU
		{E704F5D0-05D2-47FC-8623-4B4EA6A0D7F7}.Debug|Any CPU.Build.0 = Debug|Any CPU
		{E704F5D0-05D2-47FC-8623-4B4EA6A0D7F7}.Release|Any CPU.ActiveCfg = Release|Any CPU
		{E704F5D0-05D2-47FC-8623-4B4EA6A0D7F7}.Release|Any CPU.Build.0 = Release|Any CPU
		{1C74A2C4-61E5-48C2-A9FA-EBAF06878764}.Debug|Any CPU.ActiveCfg = Debug|Any CPU
		{1C74A2C4-61E5-48C2-A9FA-EBAF06878764}.Debug|Any CPU.Build.0 = Debug|Any CPU
		{1C74A2C4-61E5-48C2-A9FA-EBAF06878764}.Release|Any CPU.ActiveCfg = Release|Any CPU
		{1C74A2C4-61E5-48C2-A9FA-EBAF06878764}.Release|Any CPU.Build.0 = Release|Any CPU
		{0B837D81-5617-4E35-9266-18897146E34E}.Debug|Any CPU.ActiveCfg = Debug|Any CPU
		{0B837D81-5617-4E35-9266-18897146E34E}.Debug|Any CPU.Build.0 = Debug|Any CPU
		{0B837D81-5617-4E35-9266-18897146E34E}.Release|Any CPU.ActiveCfg = Release|Any CPU
		{0B837D81-5617-4E35-9266-18897146E34E}.Release|Any CPU.Build.0 = Release|Any CPU
		{6D714AC2-8AE9-4545-AF4C-F6CFFB0ADC97}.Debug|Any CPU.ActiveCfg = Debug|Any CPU
		{6D714AC2-8AE9-4545-AF4C-F6CFFB0ADC97}.Debug|Any CPU.Build.0 = Debug|Any CPU
		{6D714AC2-8AE9-4545-AF4C-F6CFFB0ADC97}.Release|Any CPU.ActiveCfg = Release|Any CPU
		{6D714AC2-8AE9-4545-AF4C-F6CFFB0ADC97}.Release|Any CPU.Build.0 = Release|Any CPU
		{B9D06270-DC43-4FDA-B709-014BDCEBBBA9}.Debug|Any CPU.ActiveCfg = Debug|Any CPU
		{B9D06270-DC43-4FDA-B709-014BDCEBBBA9}.Debug|Any CPU.Build.0 = Debug|Any CPU
		{B9D06270-DC43-4FDA-B709-014BDCEBBBA9}.Release|Any CPU.ActiveCfg = Release|Any CPU
		{B9D06270-DC43-4FDA-B709-014BDCEBBBA9}.Release|Any CPU.Build.0 = Release|Any CPU
		{5F5AE7D2-1DFC-4A62-9A2B-2F9727241897}.Debug|Any CPU.ActiveCfg = Debug|Any CPU
		{5F5AE7D2-1DFC-4A62-9A2B-2F9727241897}.Debug|Any CPU.Build.0 = Debug|Any CPU
		{5F5AE7D2-1DFC-4A62-9A2B-2F9727241897}.Release|Any CPU.ActiveCfg = Release|Any CPU
		{5F5AE7D2-1DFC-4A62-9A2B-2F9727241897}.Release|Any CPU.Build.0 = Release|Any CPU
		{B3717358-15C8-40F9-A905-D4BF6656B559}.Debug|Any CPU.ActiveCfg = Debug|Any CPU
		{B3717358-15C8-40F9-A905-D4BF6656B559}.Debug|Any CPU.Build.0 = Debug|Any CPU
		{B3717358-15C8-40F9-A905-D4BF6656B559}.Release|Any CPU.ActiveCfg = Release|Any CPU
		{B3717358-15C8-40F9-A905-D4BF6656B559}.Release|Any CPU.Build.0 = Release|Any CPU
		{63915092-E446-470C-B105-12E439182AA5}.Debug|Any CPU.ActiveCfg = Debug|Any CPU
		{63915092-E446-470C-B105-12E439182AA5}.Debug|Any CPU.Build.0 = Debug|Any CPU
		{63915092-E446-470C-B105-12E439182AA5}.Release|Any CPU.ActiveCfg = Release|Any CPU
		{63915092-E446-470C-B105-12E439182AA5}.Release|Any CPU.Build.0 = Release|Any CPU
		{8CFECF2A-E4F6-4BF3-A43B-1E9B99BF2A62}.Debug|Any CPU.ActiveCfg = Debug|Any CPU
		{8CFECF2A-E4F6-4BF3-A43B-1E9B99BF2A62}.Debug|Any CPU.Build.0 = Debug|Any CPU
		{8CFECF2A-E4F6-4BF3-A43B-1E9B99BF2A62}.Release|Any CPU.ActiveCfg = Release|Any CPU
		{8CFECF2A-E4F6-4BF3-A43B-1E9B99BF2A62}.Release|Any CPU.Build.0 = Release|Any CPU
		{DD804134-C9BA-4B5F-83C1-CAB4C1E747D0}.Debug|Any CPU.ActiveCfg = Debug|Any CPU
		{DD804134-C9BA-4B5F-83C1-CAB4C1E747D0}.Debug|Any CPU.Build.0 = Debug|Any CPU
		{DD804134-C9BA-4B5F-83C1-CAB4C1E747D0}.Release|Any CPU.ActiveCfg = Release|Any CPU
		{DD804134-C9BA-4B5F-83C1-CAB4C1E747D0}.Release|Any CPU.Build.0 = Release|Any CPU
		{7DC003DC-74D8-4A82-85B7-2D9A16FD1BAD}.Debug|Any CPU.ActiveCfg = Debug|Any CPU
		{7DC003DC-74D8-4A82-85B7-2D9A16FD1BAD}.Debug|Any CPU.Build.0 = Debug|Any CPU
		{7DC003DC-74D8-4A82-85B7-2D9A16FD1BAD}.Release|Any CPU.ActiveCfg = Release|Any CPU
		{7DC003DC-74D8-4A82-85B7-2D9A16FD1BAD}.Release|Any CPU.Build.0 = Release|Any CPU
		{8C93C92B-2F82-4F66-8B3C-915CB808EEEE}.Debug|Any CPU.ActiveCfg = Debug|Any CPU
		{8C93C92B-2F82-4F66-8B3C-915CB808EEEE}.Debug|Any CPU.Build.0 = Debug|Any CPU
		{8C93C92B-2F82-4F66-8B3C-915CB808EEEE}.Release|Any CPU.ActiveCfg = Release|Any CPU
		{8C93C92B-2F82-4F66-8B3C-915CB808EEEE}.Release|Any CPU.Build.0 = Release|Any CPU
		{00F8AC81-0292-47D7-AFD0-7A9F799F2CC7}.Debug|Any CPU.ActiveCfg = Debug|Any CPU
		{00F8AC81-0292-47D7-AFD0-7A9F799F2CC7}.Debug|Any CPU.Build.0 = Debug|Any CPU
		{00F8AC81-0292-47D7-AFD0-7A9F799F2CC7}.Release|Any CPU.ActiveCfg = Release|Any CPU
		{00F8AC81-0292-47D7-AFD0-7A9F799F2CC7}.Release|Any CPU.Build.0 = Release|Any CPU
		{10B1DC9C-8709-4D1E-8C0B-041202405B8E}.Debug|Any CPU.ActiveCfg = Debug|Any CPU
		{10B1DC9C-8709-4D1E-8C0B-041202405B8E}.Debug|Any CPU.Build.0 = Debug|Any CPU
		{10B1DC9C-8709-4D1E-8C0B-041202405B8E}.Release|Any CPU.ActiveCfg = Release|Any CPU
		{10B1DC9C-8709-4D1E-8C0B-041202405B8E}.Release|Any CPU.Build.0 = Release|Any CPU
		{730D7D01-B9ED-4837-868E-BA709AE84553}.Debug|Any CPU.ActiveCfg = Debug|Any CPU
		{730D7D01-B9ED-4837-868E-BA709AE84553}.Debug|Any CPU.Build.0 = Debug|Any CPU
		{730D7D01-B9ED-4837-868E-BA709AE84553}.Release|Any CPU.ActiveCfg = Release|Any CPU
		{730D7D01-B9ED-4837-868E-BA709AE84553}.Release|Any CPU.Build.0 = Release|Any CPU
		{714F927B-3BA8-4EB9-8864-D053BC80C923}.Debug|Any CPU.ActiveCfg = Debug|Any CPU
		{714F927B-3BA8-4EB9-8864-D053BC80C923}.Debug|Any CPU.Build.0 = Debug|Any CPU
		{714F927B-3BA8-4EB9-8864-D053BC80C923}.Release|Any CPU.ActiveCfg = Release|Any CPU
		{714F927B-3BA8-4EB9-8864-D053BC80C923}.Release|Any CPU.Build.0 = Release|Any CPU
		{03447B3C-F876-4A1D-BFBC-6875839C5540}.Debug|Any CPU.ActiveCfg = Debug|Any CPU
		{03447B3C-F876-4A1D-BFBC-6875839C5540}.Debug|Any CPU.Build.0 = Debug|Any CPU
		{03447B3C-F876-4A1D-BFBC-6875839C5540}.Release|Any CPU.ActiveCfg = Release|Any CPU
		{03447B3C-F876-4A1D-BFBC-6875839C5540}.Release|Any CPU.Build.0 = Release|Any CPU
		{682C6EDA-38E1-4D23-88CC-F4BC075C8EA5}.Debug|Any CPU.ActiveCfg = Debug|Any CPU
		{682C6EDA-38E1-4D23-88CC-F4BC075C8EA5}.Debug|Any CPU.Build.0 = Debug|Any CPU
		{682C6EDA-38E1-4D23-88CC-F4BC075C8EA5}.Release|Any CPU.ActiveCfg = Release|Any CPU
		{682C6EDA-38E1-4D23-88CC-F4BC075C8EA5}.Release|Any CPU.Build.0 = Release|Any CPU
		{67A99E77-4447-4967-BFFE-E3A1FFBEFB24}.Debug|Any CPU.ActiveCfg = Debug|Any CPU
		{67A99E77-4447-4967-BFFE-E3A1FFBEFB24}.Debug|Any CPU.Build.0 = Debug|Any CPU
		{67A99E77-4447-4967-BFFE-E3A1FFBEFB24}.Release|Any CPU.ActiveCfg = Release|Any CPU
		{67A99E77-4447-4967-BFFE-E3A1FFBEFB24}.Release|Any CPU.Build.0 = Release|Any CPU
		{A45036B5-0554-45A4-904B-8BFAF56D13C7}.Debug|Any CPU.ActiveCfg = Debug|Any CPU
		{A45036B5-0554-45A4-904B-8BFAF56D13C7}.Debug|Any CPU.Build.0 = Debug|Any CPU
		{A45036B5-0554-45A4-904B-8BFAF56D13C7}.Release|Any CPU.ActiveCfg = Release|Any CPU
		{A45036B5-0554-45A4-904B-8BFAF56D13C7}.Release|Any CPU.Build.0 = Release|Any CPU
		{2C430E41-AA69-4E2C-8F2E-0F9F507D9323}.Debug|Any CPU.ActiveCfg = Debug|Any CPU
		{2C430E41-AA69-4E2C-8F2E-0F9F507D9323}.Debug|Any CPU.Build.0 = Debug|Any CPU
		{2C430E41-AA69-4E2C-8F2E-0F9F507D9323}.Release|Any CPU.ActiveCfg = Release|Any CPU
		{2C430E41-AA69-4E2C-8F2E-0F9F507D9323}.Release|Any CPU.Build.0 = Release|Any CPU
		{ACB07137-3D1A-4315-AF1C-A96B80B0F0D8}.Debug|Any CPU.ActiveCfg = Debug|Any CPU
		{ACB07137-3D1A-4315-AF1C-A96B80B0F0D8}.Debug|Any CPU.Build.0 = Debug|Any CPU
		{ACB07137-3D1A-4315-AF1C-A96B80B0F0D8}.Release|Any CPU.ActiveCfg = Release|Any CPU
		{ACB07137-3D1A-4315-AF1C-A96B80B0F0D8}.Release|Any CPU.Build.0 = Release|Any CPU
		{A542F2A4-0D1C-42A3-AADC-3E5CABFE8BEB}.Debug|Any CPU.ActiveCfg = Debug|Any CPU
		{A542F2A4-0D1C-42A3-AADC-3E5CABFE8BEB}.Debug|Any CPU.Build.0 = Debug|Any CPU
		{A542F2A4-0D1C-42A3-AADC-3E5CABFE8BEB}.Release|Any CPU.ActiveCfg = Release|Any CPU
		{A542F2A4-0D1C-42A3-AADC-3E5CABFE8BEB}.Release|Any CPU.Build.0 = Release|Any CPU
		{392F3073-B790-478D-BEEE-DBF3B4DAC88A}.Debug|Any CPU.ActiveCfg = Debug|Any CPU
		{392F3073-B790-478D-BEEE-DBF3B4DAC88A}.Debug|Any CPU.Build.0 = Debug|Any CPU
		{392F3073-B790-478D-BEEE-DBF3B4DAC88A}.Release|Any CPU.ActiveCfg = Release|Any CPU
		{392F3073-B790-478D-BEEE-DBF3B4DAC88A}.Release|Any CPU.Build.0 = Release|Any CPU
		{4E9B2F65-228B-42C3-B1E4-4CD99AD625C1}.Debug|Any CPU.ActiveCfg = Debug|Any CPU
		{4E9B2F65-228B-42C3-B1E4-4CD99AD625C1}.Debug|Any CPU.Build.0 = Debug|Any CPU
		{4E9B2F65-228B-42C3-B1E4-4CD99AD625C1}.Release|Any CPU.ActiveCfg = Release|Any CPU
		{4E9B2F65-228B-42C3-B1E4-4CD99AD625C1}.Release|Any CPU.Build.0 = Release|Any CPU
		{8619183B-1AF7-4E0D-8F43-632F748686F9}.Debug|Any CPU.ActiveCfg = Debug|Any CPU
		{8619183B-1AF7-4E0D-8F43-632F748686F9}.Debug|Any CPU.Build.0 = Debug|Any CPU
		{8619183B-1AF7-4E0D-8F43-632F748686F9}.Release|Any CPU.ActiveCfg = Release|Any CPU
		{8619183B-1AF7-4E0D-8F43-632F748686F9}.Release|Any CPU.Build.0 = Release|Any CPU
		{ED7743B9-8594-4165-9E96-4EC9F67250F3}.Debug|Any CPU.ActiveCfg = Debug|Any CPU
		{ED7743B9-8594-4165-9E96-4EC9F67250F3}.Debug|Any CPU.Build.0 = Debug|Any CPU
		{ED7743B9-8594-4165-9E96-4EC9F67250F3}.Release|Any CPU.ActiveCfg = Release|Any CPU
		{ED7743B9-8594-4165-9E96-4EC9F67250F3}.Release|Any CPU.Build.0 = Release|Any CPU
		{36D09B57-6CD0-4E3E-A7B4-C110BC8846AD}.Debug|Any CPU.ActiveCfg = Debug|Any CPU
		{36D09B57-6CD0-4E3E-A7B4-C110BC8846AD}.Debug|Any CPU.Build.0 = Debug|Any CPU
		{36D09B57-6CD0-4E3E-A7B4-C110BC8846AD}.Release|Any CPU.ActiveCfg = Release|Any CPU
		{36D09B57-6CD0-4E3E-A7B4-C110BC8846AD}.Release|Any CPU.Build.0 = Release|Any CPU
		{88F9F812-44A4-42C1-A2C0-791A19EFE466}.Debug|Any CPU.ActiveCfg = Debug|Any CPU
		{88F9F812-44A4-42C1-A2C0-791A19EFE466}.Debug|Any CPU.Build.0 = Debug|Any CPU
		{88F9F812-44A4-42C1-A2C0-791A19EFE466}.Release|Any CPU.ActiveCfg = Release|Any CPU
		{88F9F812-44A4-42C1-A2C0-791A19EFE466}.Release|Any CPU.Build.0 = Release|Any CPU
		{15FCAD73-FB73-49B1-A81E-FF8566AB26E1}.Debug|Any CPU.ActiveCfg = Debug|Any CPU
		{15FCAD73-FB73-49B1-A81E-FF8566AB26E1}.Debug|Any CPU.Build.0 = Debug|Any CPU
		{15FCAD73-FB73-49B1-A81E-FF8566AB26E1}.Release|Any CPU.ActiveCfg = Release|Any CPU
		{15FCAD73-FB73-49B1-A81E-FF8566AB26E1}.Release|Any CPU.Build.0 = Release|Any CPU
		{0B7AA4B5-E70A-4018-9413-A1102F700C1A}.Debug|Any CPU.ActiveCfg = Debug|Any CPU
		{0B7AA4B5-E70A-4018-9413-A1102F700C1A}.Debug|Any CPU.Build.0 = Debug|Any CPU
		{0B7AA4B5-E70A-4018-9413-A1102F700C1A}.Release|Any CPU.ActiveCfg = Release|Any CPU
		{0B7AA4B5-E70A-4018-9413-A1102F700C1A}.Release|Any CPU.Build.0 = Release|Any CPU
		{20B2502B-8FC5-43BF-AD3B-F45F777F7817}.Debug|Any CPU.ActiveCfg = Debug|Any CPU
		{20B2502B-8FC5-43BF-AD3B-F45F777F7817}.Debug|Any CPU.Build.0 = Debug|Any CPU
		{20B2502B-8FC5-43BF-AD3B-F45F777F7817}.Release|Any CPU.ActiveCfg = Release|Any CPU
		{20B2502B-8FC5-43BF-AD3B-F45F777F7817}.Release|Any CPU.Build.0 = Release|Any CPU
		{D8AB209D-69FC-410C-8FFD-7808591CAC54}.Debug|Any CPU.ActiveCfg = Debug|Any CPU
		{D8AB209D-69FC-410C-8FFD-7808591CAC54}.Debug|Any CPU.Build.0 = Debug|Any CPU
		{D8AB209D-69FC-410C-8FFD-7808591CAC54}.Release|Any CPU.ActiveCfg = Release|Any CPU
		{D8AB209D-69FC-410C-8FFD-7808591CAC54}.Release|Any CPU.Build.0 = Release|Any CPU
		{038B561E-7DBA-4907-AA92-DE45CC771477}.Debug|Any CPU.ActiveCfg = Debug|Any CPU
		{038B561E-7DBA-4907-AA92-DE45CC771477}.Debug|Any CPU.Build.0 = Debug|Any CPU
		{038B561E-7DBA-4907-AA92-DE45CC771477}.Release|Any CPU.ActiveCfg = Release|Any CPU
		{038B561E-7DBA-4907-AA92-DE45CC771477}.Release|Any CPU.Build.0 = Release|Any CPU
		{7DBD9D5C-B9A1-4E9B-8EA9-1E0F28E3C81B}.Debug|Any CPU.ActiveCfg = Debug|Any CPU
		{7DBD9D5C-B9A1-4E9B-8EA9-1E0F28E3C81B}.Debug|Any CPU.Build.0 = Debug|Any CPU
		{7DBD9D5C-B9A1-4E9B-8EA9-1E0F28E3C81B}.Release|Any CPU.ActiveCfg = Release|Any CPU
		{7DBD9D5C-B9A1-4E9B-8EA9-1E0F28E3C81B}.Release|Any CPU.Build.0 = Release|Any CPU
		{B6410F61-864A-461D-9294-D5853C6141B2}.Debug|Any CPU.ActiveCfg = Debug|Any CPU
		{B6410F61-864A-461D-9294-D5853C6141B2}.Debug|Any CPU.Build.0 = Debug|Any CPU
		{B6410F61-864A-461D-9294-D5853C6141B2}.Release|Any CPU.ActiveCfg = Release|Any CPU
		{B6410F61-864A-461D-9294-D5853C6141B2}.Release|Any CPU.Build.0 = Release|Any CPU
		{89E240A0-B99B-4F15-AD51-53C11EA11685}.Debug|Any CPU.ActiveCfg = Debug|Any CPU
		{89E240A0-B99B-4F15-AD51-53C11EA11685}.Debug|Any CPU.Build.0 = Debug|Any CPU
		{89E240A0-B99B-4F15-AD51-53C11EA11685}.Release|Any CPU.ActiveCfg = Release|Any CPU
		{89E240A0-B99B-4F15-AD51-53C11EA11685}.Release|Any CPU.Build.0 = Release|Any CPU
		{5C14F2F9-72EF-4014-84AD-ED346C05A073}.Debug|Any CPU.ActiveCfg = Debug|Any CPU
		{5C14F2F9-72EF-4014-84AD-ED346C05A073}.Debug|Any CPU.Build.0 = Debug|Any CPU
		{5C14F2F9-72EF-4014-84AD-ED346C05A073}.Release|Any CPU.ActiveCfg = Release|Any CPU
		{5C14F2F9-72EF-4014-84AD-ED346C05A073}.Release|Any CPU.Build.0 = Release|Any CPU
		{FACE8DC9-50ED-4FC8-97A4-8433DFE685F6}.Debug|Any CPU.ActiveCfg = Debug|Any CPU
		{FACE8DC9-50ED-4FC8-97A4-8433DFE685F6}.Debug|Any CPU.Build.0 = Debug|Any CPU
		{FACE8DC9-50ED-4FC8-97A4-8433DFE685F6}.Release|Any CPU.ActiveCfg = Release|Any CPU
		{FACE8DC9-50ED-4FC8-97A4-8433DFE685F6}.Release|Any CPU.Build.0 = Release|Any CPU
		{147E0C69-2358-41CF-B037-99B6465B2D53}.Debug|Any CPU.ActiveCfg = Debug|Any CPU
		{147E0C69-2358-41CF-B037-99B6465B2D53}.Debug|Any CPU.Build.0 = Debug|Any CPU
		{147E0C69-2358-41CF-B037-99B6465B2D53}.Release|Any CPU.ActiveCfg = Release|Any CPU
		{147E0C69-2358-41CF-B037-99B6465B2D53}.Release|Any CPU.Build.0 = Release|Any CPU
		{6E5BC12F-3757-442E-B36A-513D7E6E1003}.Debug|Any CPU.ActiveCfg = Debug|Any CPU
		{6E5BC12F-3757-442E-B36A-513D7E6E1003}.Debug|Any CPU.Build.0 = Debug|Any CPU
		{6E5BC12F-3757-442E-B36A-513D7E6E1003}.Release|Any CPU.ActiveCfg = Release|Any CPU
		{6E5BC12F-3757-442E-B36A-513D7E6E1003}.Release|Any CPU.Build.0 = Release|Any CPU
		{48459129-E019-4591-B996-0C7D3470CD0B}.Debug|Any CPU.ActiveCfg = Debug|Any CPU
		{48459129-E019-4591-B996-0C7D3470CD0B}.Debug|Any CPU.Build.0 = Debug|Any CPU
		{48459129-E019-4591-B996-0C7D3470CD0B}.Release|Any CPU.ActiveCfg = Release|Any CPU
		{48459129-E019-4591-B996-0C7D3470CD0B}.Release|Any CPU.Build.0 = Release|Any CPU
		{AE6DBA8F-7CEE-4BAA-ABCB-1206819DA4A8}.Debug|Any CPU.ActiveCfg = Debug|Any CPU
		{AE6DBA8F-7CEE-4BAA-ABCB-1206819DA4A8}.Debug|Any CPU.Build.0 = Debug|Any CPU
		{AE6DBA8F-7CEE-4BAA-ABCB-1206819DA4A8}.Release|Any CPU.ActiveCfg = Release|Any CPU
		{AE6DBA8F-7CEE-4BAA-ABCB-1206819DA4A8}.Release|Any CPU.Build.0 = Release|Any CPU
		{21187C16-4D30-40C7-8E63-8C0FC67E7941}.Debug|Any CPU.ActiveCfg = Debug|Any CPU
		{21187C16-4D30-40C7-8E63-8C0FC67E7941}.Debug|Any CPU.Build.0 = Debug|Any CPU
		{21187C16-4D30-40C7-8E63-8C0FC67E7941}.Release|Any CPU.ActiveCfg = Release|Any CPU
		{21187C16-4D30-40C7-8E63-8C0FC67E7941}.Release|Any CPU.Build.0 = Release|Any CPU
		{F36463F7-8468-4E91-B5AC-05AF15861644}.Debug|Any CPU.ActiveCfg = Debug|Any CPU
		{F36463F7-8468-4E91-B5AC-05AF15861644}.Debug|Any CPU.Build.0 = Debug|Any CPU
		{F36463F7-8468-4E91-B5AC-05AF15861644}.Release|Any CPU.ActiveCfg = Release|Any CPU
		{F36463F7-8468-4E91-B5AC-05AF15861644}.Release|Any CPU.Build.0 = Release|Any CPU
		{A0280CD1-AEE2-4435-8316-1A49DC4D9009}.Debug|Any CPU.ActiveCfg = Debug|Any CPU
		{A0280CD1-AEE2-4435-8316-1A49DC4D9009}.Debug|Any CPU.Build.0 = Debug|Any CPU
		{A0280CD1-AEE2-4435-8316-1A49DC4D9009}.Release|Any CPU.ActiveCfg = Release|Any CPU
		{A0280CD1-AEE2-4435-8316-1A49DC4D9009}.Release|Any CPU.Build.0 = Release|Any CPU
		{4C648C32-B07E-43A4-A0C5-376AA00739EC}.Debug|Any CPU.ActiveCfg = Debug|Any CPU
		{4C648C32-B07E-43A4-A0C5-376AA00739EC}.Debug|Any CPU.Build.0 = Debug|Any CPU
		{4C648C32-B07E-43A4-A0C5-376AA00739EC}.Release|Any CPU.ActiveCfg = Release|Any CPU
		{4C648C32-B07E-43A4-A0C5-376AA00739EC}.Release|Any CPU.Build.0 = Release|Any CPU
		{237E0B17-D4DE-4BC7-A9FA-1B8CC1199F7E}.Debug|Any CPU.ActiveCfg = Debug|Any CPU
		{237E0B17-D4DE-4BC7-A9FA-1B8CC1199F7E}.Debug|Any CPU.Build.0 = Debug|Any CPU
		{237E0B17-D4DE-4BC7-A9FA-1B8CC1199F7E}.Release|Any CPU.ActiveCfg = Release|Any CPU
		{237E0B17-D4DE-4BC7-A9FA-1B8CC1199F7E}.Release|Any CPU.Build.0 = Release|Any CPU
		{D5464406-E81D-4E2A-B005-F4573505BAC5}.Debug|Any CPU.ActiveCfg = Debug|Any CPU
		{D5464406-E81D-4E2A-B005-F4573505BAC5}.Debug|Any CPU.Build.0 = Debug|Any CPU
		{D5464406-E81D-4E2A-B005-F4573505BAC5}.Release|Any CPU.ActiveCfg = Release|Any CPU
		{D5464406-E81D-4E2A-B005-F4573505BAC5}.Release|Any CPU.Build.0 = Release|Any CPU
		{5D6F563A-3C7A-4247-A7D9-8A7D91CA5231}.Debug|Any CPU.ActiveCfg = Debug|Any CPU
		{5D6F563A-3C7A-4247-A7D9-8A7D91CA5231}.Debug|Any CPU.Build.0 = Debug|Any CPU
		{5D6F563A-3C7A-4247-A7D9-8A7D91CA5231}.Release|Any CPU.ActiveCfg = Release|Any CPU
		{5D6F563A-3C7A-4247-A7D9-8A7D91CA5231}.Release|Any CPU.Build.0 = Release|Any CPU
		{ACBF5FAA-6E96-484C-8A75-113155AD2BC6}.Debug|Any CPU.ActiveCfg = Debug|Any CPU
		{ACBF5FAA-6E96-484C-8A75-113155AD2BC6}.Debug|Any CPU.Build.0 = Debug|Any CPU
		{ACBF5FAA-6E96-484C-8A75-113155AD2BC6}.Release|Any CPU.ActiveCfg = Release|Any CPU
		{ACBF5FAA-6E96-484C-8A75-113155AD2BC6}.Release|Any CPU.Build.0 = Release|Any CPU
		{E3431D60-2344-4643-B53E-4120208910EE}.Debug|Any CPU.ActiveCfg = Debug|Any CPU
		{E3431D60-2344-4643-B53E-4120208910EE}.Debug|Any CPU.Build.0 = Debug|Any CPU
		{E3431D60-2344-4643-B53E-4120208910EE}.Release|Any CPU.ActiveCfg = Release|Any CPU
		{E3431D60-2344-4643-B53E-4120208910EE}.Release|Any CPU.Build.0 = Release|Any CPU
		{6021CC0A-CA45-4220-AC50-50C70716C520}.Debug|Any CPU.ActiveCfg = Debug|Any CPU
		{6021CC0A-CA45-4220-AC50-50C70716C520}.Debug|Any CPU.Build.0 = Debug|Any CPU
		{6021CC0A-CA45-4220-AC50-50C70716C520}.Release|Any CPU.ActiveCfg = Release|Any CPU
		{6021CC0A-CA45-4220-AC50-50C70716C520}.Release|Any CPU.Build.0 = Release|Any CPU
	EndGlobalSection
	GlobalSection(SolutionProperties) = preSolution
		HideSolutionNode = FALSE
	EndGlobalSection
EndGlobal
