
Microsoft Visual Studio Solution File, Format Version 12.00
# Visual Studio 2013
VisualStudioVersion = 12.0.21005.1
MinimumVisualStudioVersion = 10.0.40219.1
Project("{FAE04EC0-301F-11D3-BF4B-00C04F79EFBC}") = "01.StrangelandNumbers", "01.StrangelandNumbers\01.StrangelandNumbers.csproj", "{7AAF22AD-867E-4366-ACC4-FE4F66EDFD72}"
EndProject
Project("{FAE04EC0-301F-11D3-BF4B-00C04F79EFBC}") = "02.TwoGirlsOnePath", "02.TwoGirlsOnePath\02.TwoGirlsOnePath.csproj", "{C5C3CD21-2480-4C7A-81F2-9C9DE8D30481}"
EndProject
Global
	GlobalSection(SolutionConfigurationPlatforms) = preSolution
		Debug|Any CPU = Debug|Any CPU
		Release|Any CPU = Release|Any CPU
	EndGlobalSection
	GlobalSection(ProjectConfigurationPlatforms) = postSolution
		{7AAF22AD-867E-4366-ACC4-FE4F66EDFD72}.Debug|Any CPU.ActiveCfg = Debug|Any CPU
		{7AAF22AD-867E-4366-ACC4-FE4F66EDFD72}.Debug|Any CPU.Build.0 = Debug|Any CPU
		{7AAF22AD-867E-4366-ACC4-FE4F66EDFD72}.Release|Any CPU.ActiveCfg = Release|Any CPU
		{7AAF22AD-867E-4366-ACC4-FE4F66EDFD72}.Release|Any CPU.Build.0 = Release|Any CPU
		{C5C3CD21-2480-4C7A-81F2-9C9DE8D30481}.Debug|Any CPU.ActiveCfg = Debug|Any CPU
		{C5C3CD21-2480-4C7A-81F2-9C9DE8D30481}.Debug|Any CPU.Build.0 = Debug|Any CPU
		{C5C3CD21-2480-4C7A-81F2-9C9DE8D30481}.Release|Any CPU.ActiveCfg = Release|Any CPU
		{C5C3CD21-2480-4C7A-81F2-9C9DE8D30481}.Release|Any CPU.Build.0 = Release|Any CPU
	EndGlobalSection
	GlobalSection(SolutionProperties) = preSolution
		HideSolutionNode = FALSE
	EndGlobalSection
EndGlobal
