
Microsoft Visual Studio Solution File, Format Version 12.00
# Visual Studio 2013
VisualStudioVersion = 12.0.21005.1
MinimumVisualStudioVersion = 10.0.40219.1
Project("{FAE04EC0-301F-11D3-BF4B-00C04F79EFBC}") = "01.DurankulakNumbers", "01.DurankulakNumbers\01.DurankulakNumbers.csproj", "{D2BA0F15-C1E2-49D3-A845-058C4B2DE06E}"
EndProject
Project("{FAE04EC0-301F-11D3-BF4B-00C04F79EFBC}") = "02.JoroTheRabbit", "02.JoroTheRabbit\02.JoroTheRabbit.csproj", "{72CBB0A4-6A7E-4E06-B82C-5BD199799CCC}"
EndProject
Project("{FAE04EC0-301F-11D3-BF4B-00C04F79EFBC}") = "03.Laser", "03.Laser\03.Laser.csproj", "{4B9D376D-F755-4518-B283-2FC91E752943}"
EndProject
Project("{FAE04EC0-301F-11D3-BF4B-00C04F79EFBC}") = "04.Brackets", "04.Brackets\04.Brackets.csproj", "{CF36DFD7-A2AD-4986-B8BC-8B074C780649}"
EndProject
Global
	GlobalSection(SolutionConfigurationPlatforms) = preSolution
		Debug|Any CPU = Debug|Any CPU
		Release|Any CPU = Release|Any CPU
	EndGlobalSection
	GlobalSection(ProjectConfigurationPlatforms) = postSolution
		{D2BA0F15-C1E2-49D3-A845-058C4B2DE06E}.Debug|Any CPU.ActiveCfg = Debug|Any CPU
		{D2BA0F15-C1E2-49D3-A845-058C4B2DE06E}.Debug|Any CPU.Build.0 = Debug|Any CPU
		{D2BA0F15-C1E2-49D3-A845-058C4B2DE06E}.Release|Any CPU.ActiveCfg = Release|Any CPU
		{D2BA0F15-C1E2-49D3-A845-058C4B2DE06E}.Release|Any CPU.Build.0 = Release|Any CPU
		{72CBB0A4-6A7E-4E06-B82C-5BD199799CCC}.Debug|Any CPU.ActiveCfg = Debug|Any CPU
		{72CBB0A4-6A7E-4E06-B82C-5BD199799CCC}.Debug|Any CPU.Build.0 = Debug|Any CPU
		{72CBB0A4-6A7E-4E06-B82C-5BD199799CCC}.Release|Any CPU.ActiveCfg = Release|Any CPU
		{72CBB0A4-6A7E-4E06-B82C-5BD199799CCC}.Release|Any CPU.Build.0 = Release|Any CPU
		{4B9D376D-F755-4518-B283-2FC91E752943}.Debug|Any CPU.ActiveCfg = Debug|Any CPU
		{4B9D376D-F755-4518-B283-2FC91E752943}.Debug|Any CPU.Build.0 = Debug|Any CPU
		{4B9D376D-F755-4518-B283-2FC91E752943}.Release|Any CPU.ActiveCfg = Release|Any CPU
		{4B9D376D-F755-4518-B283-2FC91E752943}.Release|Any CPU.Build.0 = Release|Any CPU
		{CF36DFD7-A2AD-4986-B8BC-8B074C780649}.Debug|Any CPU.ActiveCfg = Debug|Any CPU
		{CF36DFD7-A2AD-4986-B8BC-8B074C780649}.Debug|Any CPU.Build.0 = Debug|Any CPU
		{CF36DFD7-A2AD-4986-B8BC-8B074C780649}.Release|Any CPU.ActiveCfg = Release|Any CPU
		{CF36DFD7-A2AD-4986-B8BC-8B074C780649}.Release|Any CPU.Build.0 = Release|Any CPU
	EndGlobalSection
	GlobalSection(SolutionProperties) = preSolution
		HideSolutionNode = FALSE
	EndGlobalSection
EndGlobal
