
Microsoft Visual Studio Solution File, Format Version 12.00
# Visual Studio 2013
VisualStudioVersion = 12.0.21005.1
MinimumVisualStudioVersion = 10.0.40219.1
Project("{FAE04EC0-301F-11D3-BF4B-00C04F79EFBC}") = "StudentClass", "StudentClass\StudentClass.csproj", "{048CED8C-7594-4E2A-BBA8-E31095992373}"
EndProject
Project("{FAE04EC0-301F-11D3-BF4B-00C04F79EFBC}") = "PersonClass", "PersonClass\PersonClass.csproj", "{90C0F5E3-EBDA-4037-8CA4-B369729FC522}"
EndProject
Project("{FAE04EC0-301F-11D3-BF4B-00C04F79EFBC}") = "BitArray", "BitArray\BitArray.csproj", "{B8D64598-D6AC-4D89-80E0-E3A4BBE07EE9}"
EndProject
Global
	GlobalSection(SolutionConfigurationPlatforms) = preSolution
		Debug|Any CPU = Debug|Any CPU
		Release|Any CPU = Release|Any CPU
	EndGlobalSection
	GlobalSection(ProjectConfigurationPlatforms) = postSolution
		{048CED8C-7594-4E2A-BBA8-E31095992373}.Debug|Any CPU.ActiveCfg = Debug|Any CPU
		{048CED8C-7594-4E2A-BBA8-E31095992373}.Debug|Any CPU.Build.0 = Debug|Any CPU
		{048CED8C-7594-4E2A-BBA8-E31095992373}.Release|Any CPU.ActiveCfg = Release|Any CPU
		{048CED8C-7594-4E2A-BBA8-E31095992373}.Release|Any CPU.Build.0 = Release|Any CPU
		{90C0F5E3-EBDA-4037-8CA4-B369729FC522}.Debug|Any CPU.ActiveCfg = Debug|Any CPU
		{90C0F5E3-EBDA-4037-8CA4-B369729FC522}.Debug|Any CPU.Build.0 = Debug|Any CPU
		{90C0F5E3-EBDA-4037-8CA4-B369729FC522}.Release|Any CPU.ActiveCfg = Release|Any CPU
		{90C0F5E3-EBDA-4037-8CA4-B369729FC522}.Release|Any CPU.Build.0 = Release|Any CPU
		{B8D64598-D6AC-4D89-80E0-E3A4BBE07EE9}.Debug|Any CPU.ActiveCfg = Debug|Any CPU
		{B8D64598-D6AC-4D89-80E0-E3A4BBE07EE9}.Debug|Any CPU.Build.0 = Debug|Any CPU
		{B8D64598-D6AC-4D89-80E0-E3A4BBE07EE9}.Release|Any CPU.ActiveCfg = Release|Any CPU
		{B8D64598-D6AC-4D89-80E0-E3A4BBE07EE9}.Release|Any CPU.Build.0 = Release|Any CPU
	EndGlobalSection
	GlobalSection(SolutionProperties) = preSolution
		HideSolutionNode = FALSE
	EndGlobalSection
EndGlobal
