
Microsoft Visual Studio Solution File, Format Version 12.00
# Visual Studio 2013
VisualStudioVersion = 12.0.21005.1
MinimumVisualStudioVersion = 10.0.40219.1
Project("{FAE04EC0-301F-11D3-BF4B-00C04F79EFBC}") = "01.ExtendingSubstring", "01.ExtendingSubstring\01.ExtendingSubstring.csproj", "{C6A86F32-BA8D-4320-8E49-51851C0EA20F}"
EndProject
Project("{FAE04EC0-301F-11D3-BF4B-00C04F79EFBC}") = "02.ExtendingIEnumerable", "02.ExtendingIEnumerable\02.ExtendingIEnumerable.csproj", "{16FF5CA8-A03D-46F3-A366-517B8EBD5341}"
EndProject
Project("{FAE04EC0-301F-11D3-BF4B-00C04F79EFBC}") = "03-19.AllStudentProblems", "03.StudentProblems\03-19.AllStudentProblems.csproj", "{B6657A8B-3037-4BED-9FB6-E35C619B7FD6}"
EndProject
Project("{FAE04EC0-301F-11D3-BF4B-00C04F79EFBC}") = "04.DivisibleBy7And3", "04.DivisibleBy7And3\04.DivisibleBy7And3.csproj", "{ED90CEC8-01DC-4556-AD34-0DC94BBC9E94}"
EndProject
Project("{FAE04EC0-301F-11D3-BF4B-00C04F79EFBC}") = "05.TimerApp", "05.TimerApp\05.TimerApp.csproj", "{93C34385-F1A2-437F-8FCF-37C95856395C}"
EndProject
Project("{FAE04EC0-301F-11D3-BF4B-00C04F79EFBC}") = "06.Events", "06.Events\06.Events.csproj", "{260B4F0F-1E41-4264-A421-0452EB289933}"
EndProject
Project("{FAE04EC0-301F-11D3-BF4B-00C04F79EFBC}") = "07.LongestString", "07.LongestString\07.LongestString.csproj", "{A98F1F98-0FAB-4595-8B37-BB5CFC47F602}"
EndProject
Global
	GlobalSection(SolutionConfigurationPlatforms) = preSolution
		Debug|Any CPU = Debug|Any CPU
		Release|Any CPU = Release|Any CPU
	EndGlobalSection
	GlobalSection(ProjectConfigurationPlatforms) = postSolution
		{C6A86F32-BA8D-4320-8E49-51851C0EA20F}.Debug|Any CPU.ActiveCfg = Debug|Any CPU
		{C6A86F32-BA8D-4320-8E49-51851C0EA20F}.Debug|Any CPU.Build.0 = Debug|Any CPU
		{C6A86F32-BA8D-4320-8E49-51851C0EA20F}.Release|Any CPU.ActiveCfg = Release|Any CPU
		{C6A86F32-BA8D-4320-8E49-51851C0EA20F}.Release|Any CPU.Build.0 = Release|Any CPU
		{16FF5CA8-A03D-46F3-A366-517B8EBD5341}.Debug|Any CPU.ActiveCfg = Debug|Any CPU
		{16FF5CA8-A03D-46F3-A366-517B8EBD5341}.Debug|Any CPU.Build.0 = Debug|Any CPU
		{16FF5CA8-A03D-46F3-A366-517B8EBD5341}.Release|Any CPU.ActiveCfg = Release|Any CPU
		{16FF5CA8-A03D-46F3-A366-517B8EBD5341}.Release|Any CPU.Build.0 = Release|Any CPU
		{B6657A8B-3037-4BED-9FB6-E35C619B7FD6}.Debug|Any CPU.ActiveCfg = Debug|Any CPU
		{B6657A8B-3037-4BED-9FB6-E35C619B7FD6}.Debug|Any CPU.Build.0 = Debug|Any CPU
		{B6657A8B-3037-4BED-9FB6-E35C619B7FD6}.Release|Any CPU.ActiveCfg = Release|Any CPU
		{B6657A8B-3037-4BED-9FB6-E35C619B7FD6}.Release|Any CPU.Build.0 = Release|Any CPU
		{ED90CEC8-01DC-4556-AD34-0DC94BBC9E94}.Debug|Any CPU.ActiveCfg = Debug|Any CPU
		{ED90CEC8-01DC-4556-AD34-0DC94BBC9E94}.Debug|Any CPU.Build.0 = Debug|Any CPU
		{ED90CEC8-01DC-4556-AD34-0DC94BBC9E94}.Release|Any CPU.ActiveCfg = Release|Any CPU
		{ED90CEC8-01DC-4556-AD34-0DC94BBC9E94}.Release|Any CPU.Build.0 = Release|Any CPU
		{93C34385-F1A2-437F-8FCF-37C95856395C}.Debug|Any CPU.ActiveCfg = Debug|Any CPU
		{93C34385-F1A2-437F-8FCF-37C95856395C}.Debug|Any CPU.Build.0 = Debug|Any CPU
		{93C34385-F1A2-437F-8FCF-37C95856395C}.Release|Any CPU.ActiveCfg = Release|Any CPU
		{93C34385-F1A2-437F-8FCF-37C95856395C}.Release|Any CPU.Build.0 = Release|Any CPU
		{260B4F0F-1E41-4264-A421-0452EB289933}.Debug|Any CPU.ActiveCfg = Debug|Any CPU
		{260B4F0F-1E41-4264-A421-0452EB289933}.Debug|Any CPU.Build.0 = Debug|Any CPU
		{260B4F0F-1E41-4264-A421-0452EB289933}.Release|Any CPU.ActiveCfg = Release|Any CPU
		{260B4F0F-1E41-4264-A421-0452EB289933}.Release|Any CPU.Build.0 = Release|Any CPU
		{A98F1F98-0FAB-4595-8B37-BB5CFC47F602}.Debug|Any CPU.ActiveCfg = Debug|Any CPU
		{A98F1F98-0FAB-4595-8B37-BB5CFC47F602}.Debug|Any CPU.Build.0 = Debug|Any CPU
		{A98F1F98-0FAB-4595-8B37-BB5CFC47F602}.Release|Any CPU.ActiveCfg = Release|Any CPU
		{A98F1F98-0FAB-4595-8B37-BB5CFC47F602}.Release|Any CPU.Build.0 = Release|Any CPU
	EndGlobalSection
	GlobalSection(SolutionProperties) = preSolution
		HideSolutionNode = FALSE
	EndGlobalSection
EndGlobal
