
Microsoft Visual Studio Solution File, Format Version 12.00
# Visual Studio 2013
VisualStudioVersion = 12.0.21005.1
MinimumVisualStudioVersion = 10.0.40219.1
Project("{FAE04EC0-301F-11D3-BF4B-00C04F79EFBC}") = "01.KaspichanNumbers", "01.KaspichanNumbers\01.KaspichanNumbers.csproj", "{7195C3E4-EA5C-48CE-9B0B-85719A4FF396}"
EndProject
Project("{FAE04EC0-301F-11D3-BF4B-00C04F79EFBC}") = "02.GreedyDwarf", "02.GreedyDwarf\02.GreedyDwarf.csproj", "{C4A53FAA-DF64-4737-BB2F-07D5AF6C684D}"
EndProject
Project("{FAE04EC0-301F-11D3-BF4B-00C04F79EFBC}") = "03.Slides", "03.Slides\03.Slides.csproj", "{F00CB0B0-F448-463E-B8D4-58C71862314F}"
EndProject
Project("{FAE04EC0-301F-11D3-BF4B-00C04F79EFBC}") = "04.ConsoleJustification", "04.ConsoleJustification\04.ConsoleJustification.csproj", "{37ACDE25-A9C1-4641-898B-71A526CC9004}"
EndProject
Global
	GlobalSection(SolutionConfigurationPlatforms) = preSolution
		Debug|Any CPU = Debug|Any CPU
		Release|Any CPU = Release|Any CPU
	EndGlobalSection
	GlobalSection(ProjectConfigurationPlatforms) = postSolution
		{7195C3E4-EA5C-48CE-9B0B-85719A4FF396}.Debug|Any CPU.ActiveCfg = Debug|Any CPU
		{7195C3E4-EA5C-48CE-9B0B-85719A4FF396}.Debug|Any CPU.Build.0 = Debug|Any CPU
		{7195C3E4-EA5C-48CE-9B0B-85719A4FF396}.Release|Any CPU.ActiveCfg = Release|Any CPU
		{7195C3E4-EA5C-48CE-9B0B-85719A4FF396}.Release|Any CPU.Build.0 = Release|Any CPU
		{C4A53FAA-DF64-4737-BB2F-07D5AF6C684D}.Debug|Any CPU.ActiveCfg = Debug|Any CPU
		{C4A53FAA-DF64-4737-BB2F-07D5AF6C684D}.Debug|Any CPU.Build.0 = Debug|Any CPU
		{C4A53FAA-DF64-4737-BB2F-07D5AF6C684D}.Release|Any CPU.ActiveCfg = Release|Any CPU
		{C4A53FAA-DF64-4737-BB2F-07D5AF6C684D}.Release|Any CPU.Build.0 = Release|Any CPU
		{F00CB0B0-F448-463E-B8D4-58C71862314F}.Debug|Any CPU.ActiveCfg = Debug|Any CPU
		{F00CB0B0-F448-463E-B8D4-58C71862314F}.Debug|Any CPU.Build.0 = Debug|Any CPU
		{F00CB0B0-F448-463E-B8D4-58C71862314F}.Release|Any CPU.ActiveCfg = Release|Any CPU
		{F00CB0B0-F448-463E-B8D4-58C71862314F}.Release|Any CPU.Build.0 = Release|Any CPU
		{37ACDE25-A9C1-4641-898B-71A526CC9004}.Debug|Any CPU.ActiveCfg = Debug|Any CPU
		{37ACDE25-A9C1-4641-898B-71A526CC9004}.Debug|Any CPU.Build.0 = Debug|Any CPU
		{37ACDE25-A9C1-4641-898B-71A526CC9004}.Release|Any CPU.ActiveCfg = Release|Any CPU
		{37ACDE25-A9C1-4641-898B-71A526CC9004}.Release|Any CPU.Build.0 = Release|Any CPU
	EndGlobalSection
	GlobalSection(SolutionProperties) = preSolution
		HideSolutionNode = FALSE
	EndGlobalSection
EndGlobal
