
Microsoft Visual Studio Solution File, Format Version 12.00
# Visual Studio 2013
VisualStudioVersion = 12.0.21005.1
MinimumVisualStudioVersion = 10.0.40219.1
Project("{FAE04EC0-301F-11D3-BF4B-00C04F79EFBC}") = "1.CartesianCoordinateSystem", "1.CartesianCoordinateSystem\1.CartesianCoordinateSystem.csproj", "{04366764-E99D-424E-ABA7-8083CCAF753C}"
EndProject
Project("{FAE04EC0-301F-11D3-BF4B-00C04F79EFBC}") = "2.MissCat2011", "2.MissCat2011\2.MissCat2011.csproj", "{B2A5E28B-B798-4FA7-B46F-DA8EA1F7BF77}"
EndProject
Project("{FAE04EC0-301F-11D3-BF4B-00C04F79EFBC}") = "3.ForestRoad", "3.ForestRoad\3.ForestRoad.csproj", "{78C1BD9B-E0B5-4F33-95DD-FC9580A330A1}"
EndProject
Project("{FAE04EC0-301F-11D3-BF4B-00C04F79EFBC}") = "5.SubsetSums", "5.SubsetSums\5.SubsetSums.csproj", "{5184458C-211C-461F-B188-0DF4B2C797F2}"
EndProject
Project("{FAE04EC0-301F-11D3-BF4B-00C04F79EFBC}") = "4.BinaryDigitCount", "4.BinaryDigitCount\4.BinaryDigitCount.csproj", "{D4BBC71F-9B6D-4C7B-A3D1-6BB42D69A01E}"
EndProject
Global
	GlobalSection(SolutionConfigurationPlatforms) = preSolution
		Debug|Any CPU = Debug|Any CPU
		Release|Any CPU = Release|Any CPU
	EndGlobalSection
	GlobalSection(ProjectConfigurationPlatforms) = postSolution
		{04366764-E99D-424E-ABA7-8083CCAF753C}.Debug|Any CPU.ActiveCfg = Debug|Any CPU
		{04366764-E99D-424E-ABA7-8083CCAF753C}.Debug|Any CPU.Build.0 = Debug|Any CPU
		{04366764-E99D-424E-ABA7-8083CCAF753C}.Release|Any CPU.ActiveCfg = Release|Any CPU
		{04366764-E99D-424E-ABA7-8083CCAF753C}.Release|Any CPU.Build.0 = Release|Any CPU
		{B2A5E28B-B798-4FA7-B46F-DA8EA1F7BF77}.Debug|Any CPU.ActiveCfg = Debug|Any CPU
		{B2A5E28B-B798-4FA7-B46F-DA8EA1F7BF77}.Debug|Any CPU.Build.0 = Debug|Any CPU
		{B2A5E28B-B798-4FA7-B46F-DA8EA1F7BF77}.Release|Any CPU.ActiveCfg = Release|Any CPU
		{B2A5E28B-B798-4FA7-B46F-DA8EA1F7BF77}.Release|Any CPU.Build.0 = Release|Any CPU
		{78C1BD9B-E0B5-4F33-95DD-FC9580A330A1}.Debug|Any CPU.ActiveCfg = Debug|Any CPU
		{78C1BD9B-E0B5-4F33-95DD-FC9580A330A1}.Debug|Any CPU.Build.0 = Debug|Any CPU
		{78C1BD9B-E0B5-4F33-95DD-FC9580A330A1}.Release|Any CPU.ActiveCfg = Release|Any CPU
		{78C1BD9B-E0B5-4F33-95DD-FC9580A330A1}.Release|Any CPU.Build.0 = Release|Any CPU
		{5184458C-211C-461F-B188-0DF4B2C797F2}.Debug|Any CPU.ActiveCfg = Debug|Any CPU
		{5184458C-211C-461F-B188-0DF4B2C797F2}.Debug|Any CPU.Build.0 = Debug|Any CPU
		{5184458C-211C-461F-B188-0DF4B2C797F2}.Release|Any CPU.ActiveCfg = Release|Any CPU
		{5184458C-211C-461F-B188-0DF4B2C797F2}.Release|Any CPU.Build.0 = Release|Any CPU
		{D4BBC71F-9B6D-4C7B-A3D1-6BB42D69A01E}.Debug|Any CPU.ActiveCfg = Debug|Any CPU
		{D4BBC71F-9B6D-4C7B-A3D1-6BB42D69A01E}.Debug|Any CPU.Build.0 = Debug|Any CPU
		{D4BBC71F-9B6D-4C7B-A3D1-6BB42D69A01E}.Release|Any CPU.ActiveCfg = Release|Any CPU
		{D4BBC71F-9B6D-4C7B-A3D1-6BB42D69A01E}.Release|Any CPU.Build.0 = Release|Any CPU
	EndGlobalSection
	GlobalSection(SolutionProperties) = preSolution
		HideSolutionNode = FALSE
	EndGlobalSection
EndGlobal
