
Microsoft Visual Studio Solution File, Format Version 12.00
# Visual Studio 2013
VisualStudioVersion = 12.0.21005.1
MinimumVisualStudioVersion = 10.0.40219.1
Project("{FAE04EC0-301F-11D3-BF4B-00C04F79EFBC}") = "01.StringsInC", "01.StringsInC\01.StringsInC.csproj", "{D3694696-BAAD-4993-BE27-81370212D664}"
EndProject
Project("{FAE04EC0-301F-11D3-BF4B-00C04F79EFBC}") = "02.ReverseString", "02.ReverseString\02.ReverseString.csproj", "{BF9C851E-BA46-4FE5-AD2B-4CFD999E11D1}"
EndProject
Project("{FAE04EC0-301F-11D3-BF4B-00C04F79EFBC}") = "03.CorrectBrackets", "03.CorrectBrackets\03.CorrectBrackets.csproj", "{E9381369-4286-4BBE-B3EC-97D18C98ADC8}"
EndProject
Project("{FAE04EC0-301F-11D3-BF4B-00C04F79EFBC}") = "04.SubstringInText", "04.SubstringInText\04.SubstringInText.csproj", "{2AE66D87-8578-4531-A2E8-F83B63248C59}"
EndProject
Project("{FAE04EC0-301F-11D3-BF4B-00C04F79EFBC}") = "05.ParseTags", "05.ParseTags\05.ParseTags.csproj", "{DC1D62D7-225E-4461-B11A-68E6B55A80B4}"
EndProject
Project("{FAE04EC0-301F-11D3-BF4B-00C04F79EFBC}") = "06.StringLength", "06.StringLength\06.StringLength.csproj", "{C622E460-351C-4CA1-A11E-5EF5DCC28219}"
EndProject
Project("{FAE04EC0-301F-11D3-BF4B-00C04F79EFBC}") = "07.EncodeDecode", "07.EncodeDecode\07.EncodeDecode.csproj", "{5E11837E-1594-4F3C-BF33-1FDE05CCF451}"
EndProject
Project("{FAE04EC0-301F-11D3-BF4B-00C04F79EFBC}") = "08.ExtractSentences", "08.ExtractSentences\08.ExtractSentences.csproj", "{1FB56E02-C92D-453B-923D-7246EF7EA616}"
EndProject
Project("{FAE04EC0-301F-11D3-BF4B-00C04F79EFBC}") = "09.ForbiddenWords", "09.ForbiddenWords\09.ForbiddenWords.csproj", "{5B160B0F-EB0E-413F-8D59-25A2805913F3}"
EndProject
Project("{FAE04EC0-301F-11D3-BF4B-00C04F79EFBC}") = "10.UnicodeCharacters", "10.UnicodeCharacters\10.UnicodeCharacters.csproj", "{5E8FFAFC-D9F1-4E30-A637-4CE528EC3637}"
EndProject
Project("{FAE04EC0-301F-11D3-BF4B-00C04F79EFBC}") = "11.FormatNumber", "11.FormatNumber\11.FormatNumber.csproj", "{6F363C09-71E7-4C65-A23A-25786B12C098}"
EndProject
Project("{FAE04EC0-301F-11D3-BF4B-00C04F79EFBC}") = "12.ParseUrl", "12.ParseUrl\12.ParseUrl.csproj", "{EBC94E92-AC70-48AB-BDE1-C8F4464BFE2F}"
EndProject
Project("{FAE04EC0-301F-11D3-BF4B-00C04F79EFBC}") = "13.ReverseSentence", "13.ReverseSentence\13.ReverseSentence.csproj", "{A1CDFD3E-EB26-4B70-80E7-2F45E54F7B8E}"
EndProject
Project("{FAE04EC0-301F-11D3-BF4B-00C04F79EFBC}") = "14.WordDictionary", "14.WordDictionary\14.WordDictionary.csproj", "{EEB30DA0-9CBF-4143-95F8-CED2F665E16F}"
EndProject
Project("{FAE04EC0-301F-11D3-BF4B-00C04F79EFBC}") = "16.DateDifference", "16.DateDifference\16.DateDifference.csproj", "{4F830753-B491-4682-BC06-CD7823F84B40}"
EndProject
Project("{FAE04EC0-301F-11D3-BF4B-00C04F79EFBC}") = "23.SeriesOfLetters", "23.SeriesOfLetters\23.SeriesOfLetters.csproj", "{5BBA8451-8D23-4745-9E5D-DE906821F4EE}"
EndProject
Project("{FAE04EC0-301F-11D3-BF4B-00C04F79EFBC}") = "24.OrderWords", "24.OrderWords\24.OrderWords.csproj", "{B718CB55-3101-4073-83AF-0746E39E3571}"
EndProject
Project("{FAE04EC0-301F-11D3-BF4B-00C04F79EFBC}") = "15.ReplaceTags", "15.ReplaceTags\15.ReplaceTags.csproj", "{7C538923-4A49-4D88-BAD4-471640EA4BBF}"
EndProject
Project("{FAE04EC0-301F-11D3-BF4B-00C04F79EFBC}") = "17.DateInBulgarian", "17.DateInBulgarian\17.DateInBulgarian.csproj", "{043892D0-A7C0-4981-8E0E-F94860721C5F}"
EndProject
Project("{FAE04EC0-301F-11D3-BF4B-00C04F79EFBC}") = "18.ExtractEmails", "18.ExtractEmails\18.ExtractEmails.csproj", "{7C0BDABC-BA09-4B34-89D0-919EEDCD3B72}"
EndProject
Project("{FAE04EC0-301F-11D3-BF4B-00C04F79EFBC}") = "19.CanadaDates", "19.CanadaDates\19.CanadaDates.csproj", "{97E57309-A655-4F4D-863D-3A72A437913A}"
EndProject
Project("{FAE04EC0-301F-11D3-BF4B-00C04F79EFBC}") = "20.Palindromes", "20.Palindromes\20.Palindromes.csproj", "{715454AB-A084-4086-A695-B053B5FF4F97}"
EndProject
Project("{FAE04EC0-301F-11D3-BF4B-00C04F79EFBC}") = "21.LettersCount", "21.LettersCount\21.LettersCount.csproj", "{1531095F-77FA-478B-A26B-AEF14A05C8F2}"
EndProject
Project("{FAE04EC0-301F-11D3-BF4B-00C04F79EFBC}") = "22.WordsCount", "22.WordsCount\22.WordsCount.csproj", "{2B9C26BA-8436-4BA1-A7BB-D8A488C0CCE3}"
EndProject
Project("{FAE04EC0-301F-11D3-BF4B-00C04F79EFBC}") = "25.ExtractTextFromHTML", "25.ExtractTextFromHTML\25.ExtractTextFromHTML.csproj", "{41A9C864-7A0E-49B0-B010-021089B3A96E}"
EndProject
Global
	GlobalSection(SolutionConfigurationPlatforms) = preSolution
		Debug|Any CPU = Debug|Any CPU
		Release|Any CPU = Release|Any CPU
	EndGlobalSection
	GlobalSection(ProjectConfigurationPlatforms) = postSolution
		{D3694696-BAAD-4993-BE27-81370212D664}.Debug|Any CPU.ActiveCfg = Debug|Any CPU
		{D3694696-BAAD-4993-BE27-81370212D664}.Debug|Any CPU.Build.0 = Debug|Any CPU
		{D3694696-BAAD-4993-BE27-81370212D664}.Release|Any CPU.ActiveCfg = Release|Any CPU
		{D3694696-BAAD-4993-BE27-81370212D664}.Release|Any CPU.Build.0 = Release|Any CPU
		{BF9C851E-BA46-4FE5-AD2B-4CFD999E11D1}.Debug|Any CPU.ActiveCfg = Debug|Any CPU
		{BF9C851E-BA46-4FE5-AD2B-4CFD999E11D1}.Debug|Any CPU.Build.0 = Debug|Any CPU
		{BF9C851E-BA46-4FE5-AD2B-4CFD999E11D1}.Release|Any CPU.ActiveCfg = Release|Any CPU
		{BF9C851E-BA46-4FE5-AD2B-4CFD999E11D1}.Release|Any CPU.Build.0 = Release|Any CPU
		{E9381369-4286-4BBE-B3EC-97D18C98ADC8}.Debug|Any CPU.ActiveCfg = Debug|Any CPU
		{E9381369-4286-4BBE-B3EC-97D18C98ADC8}.Debug|Any CPU.Build.0 = Debug|Any CPU
		{E9381369-4286-4BBE-B3EC-97D18C98ADC8}.Release|Any CPU.ActiveCfg = Release|Any CPU
		{E9381369-4286-4BBE-B3EC-97D18C98ADC8}.Release|Any CPU.Build.0 = Release|Any CPU
		{2AE66D87-8578-4531-A2E8-F83B63248C59}.Debug|Any CPU.ActiveCfg = Debug|Any CPU
		{2AE66D87-8578-4531-A2E8-F83B63248C59}.Debug|Any CPU.Build.0 = Debug|Any CPU
		{2AE66D87-8578-4531-A2E8-F83B63248C59}.Release|Any CPU.ActiveCfg = Release|Any CPU
		{2AE66D87-8578-4531-A2E8-F83B63248C59}.Release|Any CPU.Build.0 = Release|Any CPU
		{DC1D62D7-225E-4461-B11A-68E6B55A80B4}.Debug|Any CPU.ActiveCfg = Debug|Any CPU
		{DC1D62D7-225E-4461-B11A-68E6B55A80B4}.Debug|Any CPU.Build.0 = Debug|Any CPU
		{DC1D62D7-225E-4461-B11A-68E6B55A80B4}.Release|Any CPU.ActiveCfg = Release|Any CPU
		{DC1D62D7-225E-4461-B11A-68E6B55A80B4}.Release|Any CPU.Build.0 = Release|Any CPU
		{C622E460-351C-4CA1-A11E-5EF5DCC28219}.Debug|Any CPU.ActiveCfg = Debug|Any CPU
		{C622E460-351C-4CA1-A11E-5EF5DCC28219}.Debug|Any CPU.Build.0 = Debug|Any CPU
		{C622E460-351C-4CA1-A11E-5EF5DCC28219}.Release|Any CPU.ActiveCfg = Release|Any CPU
		{C622E460-351C-4CA1-A11E-5EF5DCC28219}.Release|Any CPU.Build.0 = Release|Any CPU
		{5E11837E-1594-4F3C-BF33-1FDE05CCF451}.Debug|Any CPU.ActiveCfg = Debug|Any CPU
		{5E11837E-1594-4F3C-BF33-1FDE05CCF451}.Debug|Any CPU.Build.0 = Debug|Any CPU
		{5E11837E-1594-4F3C-BF33-1FDE05CCF451}.Release|Any CPU.ActiveCfg = Release|Any CPU
		{5E11837E-1594-4F3C-BF33-1FDE05CCF451}.Release|Any CPU.Build.0 = Release|Any CPU
		{1FB56E02-C92D-453B-923D-7246EF7EA616}.Debug|Any CPU.ActiveCfg = Debug|Any CPU
		{1FB56E02-C92D-453B-923D-7246EF7EA616}.Debug|Any CPU.Build.0 = Debug|Any CPU
		{1FB56E02-C92D-453B-923D-7246EF7EA616}.Release|Any CPU.ActiveCfg = Release|Any CPU
		{1FB56E02-C92D-453B-923D-7246EF7EA616}.Release|Any CPU.Build.0 = Release|Any CPU
		{5B160B0F-EB0E-413F-8D59-25A2805913F3}.Debug|Any CPU.ActiveCfg = Debug|Any CPU
		{5B160B0F-EB0E-413F-8D59-25A2805913F3}.Debug|Any CPU.Build.0 = Debug|Any CPU
		{5B160B0F-EB0E-413F-8D59-25A2805913F3}.Release|Any CPU.ActiveCfg = Release|Any CPU
		{5B160B0F-EB0E-413F-8D59-25A2805913F3}.Release|Any CPU.Build.0 = Release|Any CPU
		{5E8FFAFC-D9F1-4E30-A637-4CE528EC3637}.Debug|Any CPU.ActiveCfg = Debug|Any CPU
		{5E8FFAFC-D9F1-4E30-A637-4CE528EC3637}.Debug|Any CPU.Build.0 = Debug|Any CPU
		{5E8FFAFC-D9F1-4E30-A637-4CE528EC3637}.Release|Any CPU.ActiveCfg = Release|Any CPU
		{5E8FFAFC-D9F1-4E30-A637-4CE528EC3637}.Release|Any CPU.Build.0 = Release|Any CPU
		{6F363C09-71E7-4C65-A23A-25786B12C098}.Debug|Any CPU.ActiveCfg = Debug|Any CPU
		{6F363C09-71E7-4C65-A23A-25786B12C098}.Debug|Any CPU.Build.0 = Debug|Any CPU
		{6F363C09-71E7-4C65-A23A-25786B12C098}.Release|Any CPU.ActiveCfg = Release|Any CPU
		{6F363C09-71E7-4C65-A23A-25786B12C098}.Release|Any CPU.Build.0 = Release|Any CPU
		{EBC94E92-AC70-48AB-BDE1-C8F4464BFE2F}.Debug|Any CPU.ActiveCfg = Debug|Any CPU
		{EBC94E92-AC70-48AB-BDE1-C8F4464BFE2F}.Debug|Any CPU.Build.0 = Debug|Any CPU
		{EBC94E92-AC70-48AB-BDE1-C8F4464BFE2F}.Release|Any CPU.ActiveCfg = Release|Any CPU
		{EBC94E92-AC70-48AB-BDE1-C8F4464BFE2F}.Release|Any CPU.Build.0 = Release|Any CPU
		{A1CDFD3E-EB26-4B70-80E7-2F45E54F7B8E}.Debug|Any CPU.ActiveCfg = Debug|Any CPU
		{A1CDFD3E-EB26-4B70-80E7-2F45E54F7B8E}.Debug|Any CPU.Build.0 = Debug|Any CPU
		{A1CDFD3E-EB26-4B70-80E7-2F45E54F7B8E}.Release|Any CPU.ActiveCfg = Release|Any CPU
		{A1CDFD3E-EB26-4B70-80E7-2F45E54F7B8E}.Release|Any CPU.Build.0 = Release|Any CPU
		{EEB30DA0-9CBF-4143-95F8-CED2F665E16F}.Debug|Any CPU.ActiveCfg = Debug|Any CPU
		{EEB30DA0-9CBF-4143-95F8-CED2F665E16F}.Debug|Any CPU.Build.0 = Debug|Any CPU
		{EEB30DA0-9CBF-4143-95F8-CED2F665E16F}.Release|Any CPU.ActiveCfg = Release|Any CPU
		{EEB30DA0-9CBF-4143-95F8-CED2F665E16F}.Release|Any CPU.Build.0 = Release|Any CPU
		{4F830753-B491-4682-BC06-CD7823F84B40}.Debug|Any CPU.ActiveCfg = Debug|Any CPU
		{4F830753-B491-4682-BC06-CD7823F84B40}.Debug|Any CPU.Build.0 = Debug|Any CPU
		{4F830753-B491-4682-BC06-CD7823F84B40}.Release|Any CPU.ActiveCfg = Release|Any CPU
		{4F830753-B491-4682-BC06-CD7823F84B40}.Release|Any CPU.Build.0 = Release|Any CPU
		{5BBA8451-8D23-4745-9E5D-DE906821F4EE}.Debug|Any CPU.ActiveCfg = Debug|Any CPU
		{5BBA8451-8D23-4745-9E5D-DE906821F4EE}.Debug|Any CPU.Build.0 = Debug|Any CPU
		{5BBA8451-8D23-4745-9E5D-DE906821F4EE}.Release|Any CPU.ActiveCfg = Release|Any CPU
		{5BBA8451-8D23-4745-9E5D-DE906821F4EE}.Release|Any CPU.Build.0 = Release|Any CPU
		{B718CB55-3101-4073-83AF-0746E39E3571}.Debug|Any CPU.ActiveCfg = Debug|Any CPU
		{B718CB55-3101-4073-83AF-0746E39E3571}.Debug|Any CPU.Build.0 = Debug|Any CPU
		{B718CB55-3101-4073-83AF-0746E39E3571}.Release|Any CPU.ActiveCfg = Release|Any CPU
		{B718CB55-3101-4073-83AF-0746E39E3571}.Release|Any CPU.Build.0 = Release|Any CPU
		{7C538923-4A49-4D88-BAD4-471640EA4BBF}.Debug|Any CPU.ActiveCfg = Debug|Any CPU
		{7C538923-4A49-4D88-BAD4-471640EA4BBF}.Debug|Any CPU.Build.0 = Debug|Any CPU
		{7C538923-4A49-4D88-BAD4-471640EA4BBF}.Release|Any CPU.ActiveCfg = Release|Any CPU
		{7C538923-4A49-4D88-BAD4-471640EA4BBF}.Release|Any CPU.Build.0 = Release|Any CPU
		{043892D0-A7C0-4981-8E0E-F94860721C5F}.Debug|Any CPU.ActiveCfg = Debug|Any CPU
		{043892D0-A7C0-4981-8E0E-F94860721C5F}.Debug|Any CPU.Build.0 = Debug|Any CPU
		{043892D0-A7C0-4981-8E0E-F94860721C5F}.Release|Any CPU.ActiveCfg = Release|Any CPU
		{043892D0-A7C0-4981-8E0E-F94860721C5F}.Release|Any CPU.Build.0 = Release|Any CPU
		{7C0BDABC-BA09-4B34-89D0-919EEDCD3B72}.Debug|Any CPU.ActiveCfg = Debug|Any CPU
		{7C0BDABC-BA09-4B34-89D0-919EEDCD3B72}.Debug|Any CPU.Build.0 = Debug|Any CPU
		{7C0BDABC-BA09-4B34-89D0-919EEDCD3B72}.Release|Any CPU.ActiveCfg = Release|Any CPU
		{7C0BDABC-BA09-4B34-89D0-919EEDCD3B72}.Release|Any CPU.Build.0 = Release|Any CPU
		{97E57309-A655-4F4D-863D-3A72A437913A}.Debug|Any CPU.ActiveCfg = Debug|Any CPU
		{97E57309-A655-4F4D-863D-3A72A437913A}.Debug|Any CPU.Build.0 = Debug|Any CPU
		{97E57309-A655-4F4D-863D-3A72A437913A}.Release|Any CPU.ActiveCfg = Release|Any CPU
		{97E57309-A655-4F4D-863D-3A72A437913A}.Release|Any CPU.Build.0 = Release|Any CPU
		{715454AB-A084-4086-A695-B053B5FF4F97}.Debug|Any CPU.ActiveCfg = Debug|Any CPU
		{715454AB-A084-4086-A695-B053B5FF4F97}.Debug|Any CPU.Build.0 = Debug|Any CPU
		{715454AB-A084-4086-A695-B053B5FF4F97}.Release|Any CPU.ActiveCfg = Release|Any CPU
		{715454AB-A084-4086-A695-B053B5FF4F97}.Release|Any CPU.Build.0 = Release|Any CPU
		{1531095F-77FA-478B-A26B-AEF14A05C8F2}.Debug|Any CPU.ActiveCfg = Debug|Any CPU
		{1531095F-77FA-478B-A26B-AEF14A05C8F2}.Debug|Any CPU.Build.0 = Debug|Any CPU
		{1531095F-77FA-478B-A26B-AEF14A05C8F2}.Release|Any CPU.ActiveCfg = Release|Any CPU
		{1531095F-77FA-478B-A26B-AEF14A05C8F2}.Release|Any CPU.Build.0 = Release|Any CPU
		{2B9C26BA-8436-4BA1-A7BB-D8A488C0CCE3}.Debug|Any CPU.ActiveCfg = Debug|Any CPU
		{2B9C26BA-8436-4BA1-A7BB-D8A488C0CCE3}.Debug|Any CPU.Build.0 = Debug|Any CPU
		{2B9C26BA-8436-4BA1-A7BB-D8A488C0CCE3}.Release|Any CPU.ActiveCfg = Release|Any CPU
		{2B9C26BA-8436-4BA1-A7BB-D8A488C0CCE3}.Release|Any CPU.Build.0 = Release|Any CPU
		{41A9C864-7A0E-49B0-B010-021089B3A96E}.Debug|Any CPU.ActiveCfg = Debug|Any CPU
		{41A9C864-7A0E-49B0-B010-021089B3A96E}.Debug|Any CPU.Build.0 = Debug|Any CPU
		{41A9C864-7A0E-49B0-B010-021089B3A96E}.Release|Any CPU.ActiveCfg = Release|Any CPU
		{41A9C864-7A0E-49B0-B010-021089B3A96E}.Release|Any CPU.Build.0 = Release|Any CPU
	EndGlobalSection
	GlobalSection(SolutionProperties) = preSolution
		HideSolutionNode = FALSE
	EndGlobalSection
EndGlobal
