
Microsoft Visual Studio Solution File, Format Version 12.00
# Visual Studio 2013
VisualStudioVersion = 12.0.21005.1
MinimumVisualStudioVersion = 10.0.40219.1
Project("{FAE04EC0-301F-11D3-BF4B-00C04F79EFBC}") = "01.MultiverseCommunication", "01.MultiverseCommunication\01.MultiverseCommunication.csproj", "{8FCAFD7C-628C-4A74-864C-0EE829FB7387}"
EndProject
Project("{FAE04EC0-301F-11D3-BF4B-00C04F79EFBC}") = "02.MagicWords", "02.MagicWords\02.MagicWords.csproj", "{A2F94FF0-89D7-427E-B647-B4BFBB9B3A39}"
EndProject
Project("{FAE04EC0-301F-11D3-BF4B-00C04F79EFBC}") = "03.DecodeAndDecrypt", "03.DecodeAndDecrypt\03.DecodeAndDecrypt.csproj", "{25FB03F4-87EE-4834-BFD7-485AD8186FEF}"
EndProject
Project("{FAE04EC0-301F-11D3-BF4B-00C04F79EFBC}") = "05.FeaturingWithGrisko", "05.FeaturingWithGrisko\05.FeaturingWithGrisko.csproj", "{ED8B07E9-062E-4BED-B785-9838AAD85CE6}"
EndProject
Global
	GlobalSection(SolutionConfigurationPlatforms) = preSolution
		Debug|Any CPU = Debug|Any CPU
		Release|Any CPU = Release|Any CPU
	EndGlobalSection
	GlobalSection(ProjectConfigurationPlatforms) = postSolution
		{8FCAFD7C-628C-4A74-864C-0EE829FB7387}.Debug|Any CPU.ActiveCfg = Debug|Any CPU
		{8FCAFD7C-628C-4A74-864C-0EE829FB7387}.Debug|Any CPU.Build.0 = Debug|Any CPU
		{8FCAFD7C-628C-4A74-864C-0EE829FB7387}.Release|Any CPU.ActiveCfg = Release|Any CPU
		{8FCAFD7C-628C-4A74-864C-0EE829FB7387}.Release|Any CPU.Build.0 = Release|Any CPU
		{A2F94FF0-89D7-427E-B647-B4BFBB9B3A39}.Debug|Any CPU.ActiveCfg = Debug|Any CPU
		{A2F94FF0-89D7-427E-B647-B4BFBB9B3A39}.Debug|Any CPU.Build.0 = Debug|Any CPU
		{A2F94FF0-89D7-427E-B647-B4BFBB9B3A39}.Release|Any CPU.ActiveCfg = Release|Any CPU
		{A2F94FF0-89D7-427E-B647-B4BFBB9B3A39}.Release|Any CPU.Build.0 = Release|Any CPU
		{25FB03F4-87EE-4834-BFD7-485AD8186FEF}.Debug|Any CPU.ActiveCfg = Debug|Any CPU
		{25FB03F4-87EE-4834-BFD7-485AD8186FEF}.Debug|Any CPU.Build.0 = Debug|Any CPU
		{25FB03F4-87EE-4834-BFD7-485AD8186FEF}.Release|Any CPU.ActiveCfg = Release|Any CPU
		{25FB03F4-87EE-4834-BFD7-485AD8186FEF}.Release|Any CPU.Build.0 = Release|Any CPU
		{ED8B07E9-062E-4BED-B785-9838AAD85CE6}.Debug|Any CPU.ActiveCfg = Debug|Any CPU
		{ED8B07E9-062E-4BED-B785-9838AAD85CE6}.Debug|Any CPU.Build.0 = Debug|Any CPU
		{ED8B07E9-062E-4BED-B785-9838AAD85CE6}.Release|Any CPU.ActiveCfg = Release|Any CPU
		{ED8B07E9-062E-4BED-B785-9838AAD85CE6}.Release|Any CPU.Build.0 = Release|Any CPU
	EndGlobalSection
	GlobalSection(SolutionProperties) = preSolution
		HideSolutionNode = FALSE
	EndGlobalSection
EndGlobal
