
Microsoft Visual Studio Solution File, Format Version 12.00
# Visual Studio 2013
VisualStudioVersion = 12.0.21005.1
MinimumVisualStudioVersion = 10.0.40219.1
Project("{FAE04EC0-301F-11D3-BF4B-00C04F79EFBC}") = "05.TheyAreGreen", "05.TheyAreGreen\05.TheyAreGreen.csproj", "{E5D3B752-FD6D-4E7A-96F6-207E0798AD2D}"
EndProject
Project("{FAE04EC0-301F-11D3-BF4B-00C04F79EFBC}") = "04.EncodeAndEncrypt", "04.EncodeAndEncrypt\04.EncodeAndEncrypt.csproj", "{7D1303A9-EE47-4145-BFA3-615D209C220E}"
EndProject
Project("{FAE04EC0-301F-11D3-BF4B-00C04F79EFBC}") = "03.Trails3D", "03.Trails3D\03.Trails3D.csproj", "{448118F9-AB80-415C-8B4A-88E784070E13}"
EndProject
Project("{FAE04EC0-301F-11D3-BF4B-00C04F79EFBC}") = "01.Zerg", "01.Zerg\01.Zerg.csproj", "{7EBE6C58-B4E5-4D4C-AB6C-83D57913DD28}"
EndProject
Global
	GlobalSection(SolutionConfigurationPlatforms) = preSolution
		Debug|Any CPU = Debug|Any CPU
		Release|Any CPU = Release|Any CPU
	EndGlobalSection
	GlobalSection(ProjectConfigurationPlatforms) = postSolution
		{E5D3B752-FD6D-4E7A-96F6-207E0798AD2D}.Debug|Any CPU.ActiveCfg = Debug|Any CPU
		{E5D3B752-FD6D-4E7A-96F6-207E0798AD2D}.Debug|Any CPU.Build.0 = Debug|Any CPU
		{E5D3B752-FD6D-4E7A-96F6-207E0798AD2D}.Release|Any CPU.ActiveCfg = Release|Any CPU
		{E5D3B752-FD6D-4E7A-96F6-207E0798AD2D}.Release|Any CPU.Build.0 = Release|Any CPU
		{7D1303A9-EE47-4145-BFA3-615D209C220E}.Debug|Any CPU.ActiveCfg = Debug|Any CPU
		{7D1303A9-EE47-4145-BFA3-615D209C220E}.Debug|Any CPU.Build.0 = Debug|Any CPU
		{7D1303A9-EE47-4145-BFA3-615D209C220E}.Release|Any CPU.ActiveCfg = Release|Any CPU
		{7D1303A9-EE47-4145-BFA3-615D209C220E}.Release|Any CPU.Build.0 = Release|Any CPU
		{448118F9-AB80-415C-8B4A-88E784070E13}.Debug|Any CPU.ActiveCfg = Debug|Any CPU
		{448118F9-AB80-415C-8B4A-88E784070E13}.Debug|Any CPU.Build.0 = Debug|Any CPU
		{448118F9-AB80-415C-8B4A-88E784070E13}.Release|Any CPU.ActiveCfg = Release|Any CPU
		{448118F9-AB80-415C-8B4A-88E784070E13}.Release|Any CPU.Build.0 = Release|Any CPU
		{7EBE6C58-B4E5-4D4C-AB6C-83D57913DD28}.Debug|Any CPU.ActiveCfg = Debug|Any CPU
		{7EBE6C58-B4E5-4D4C-AB6C-83D57913DD28}.Debug|Any CPU.Build.0 = Debug|Any CPU
		{7EBE6C58-B4E5-4D4C-AB6C-83D57913DD28}.Release|Any CPU.ActiveCfg = Release|Any CPU
		{7EBE6C58-B4E5-4D4C-AB6C-83D57913DD28}.Release|Any CPU.Build.0 = Release|Any CPU
	EndGlobalSection
	GlobalSection(SolutionProperties) = preSolution
		HideSolutionNode = FALSE
	EndGlobalSection
EndGlobal
